PODS:
  - CNIOAtomics (2.9.0)
  - CNIODarwin (2.9.0)
  - CNIOLinux (2.9.0)
  - CNIOSHA1 (2.9.0)
  - SwiftNIO (2.9.0):
    - CNIOAtomics (= 2.9.0)
    - CNIODarwin (= 2.9.0)
    - CNIOLinux (= 2.9.0)
    - CNIOSHA1 (= 2.9.0)
    - SwiftNIOConcurrencyHelpers (= 2.9.0)
  - SwiftNIOConcurrencyHelpers (2.9.0):
    - CNIOAtomics (= 2.9.0)
  - SwiftNIOFoundationCompat (2.9.0):
    - SwiftNIO (= 2.9.0)
  - SwiftNIOTLS (2.9.0):
    - SwiftNIO (= 2.9.0)
  - SwiftNIOTransportServices (1.2.0):
    - SwiftNIO (~> 2.0)
    - SwiftNIOConcurrencyHelpers (~> 2.0)
    - SwiftNIOFoundationCompat (~> 2.0)
    - SwiftNIOTLS (~> 2.0)

DEPENDENCIES:
  - SwiftNIOTransportServices (~> 1.0)

SPEC REPOS:
  trunk:
    - CNIOAtomics
    - CNIODarwin
    - CNIOLinux
    - CNIOSHA1
    - SwiftNIO
    - SwiftNIOConcurrencyHelpers
    - SwiftNIOFoundationCompat
    - SwiftNIOTLS
    - SwiftNIOTransportServices

SPEC CHECKSUMS:
  CNIOAtomics: 4802160b2255f43193c7ab936997c63cafd574d8
  CNIODarwin: dfafd4d2e337671aedb512dd5de339b0f324e2f1
  CNIOLinux: 287ed318589a4fe1854febb0c4e2e81484ec679d
  CNIOSHA1: a7ca955f1d9404ed051b1c06ec0ab00fdff7e8cf
  SwiftNIO: 26c894626b5257824dfbab76efdf10c23803c1e6
  SwiftNIOConcurrencyHelpers: 0e8fffc1e2a086ba68f8265de62d23f5105e7a00
  SwiftNIOFoundationCompat: 137b1e061574d75da65366f4d9f5eed282a609da
  SwiftNIOTLS: bf4f84bdb35b91d93ccc9bdc574b658993eb4b57
  SwiftNIOTransportServices: 49b863dd9d8583be5cdd798013818378579a7d31

PODFILE CHECKSUM: 69f3c5d2950806b8f6dcb381d9181374ba706ba3

COCOAPODS: 1.8.4
