// !$*UTF8*$!
{
	archiveVersion = 1;
	classes = {
	};
	objectVersion = 51;
	objects = {

/* Begin PBXBuildFile section */
		0505CF1F231732DE00577414 /* ByteBuffer+SubscribePacket.swift in Sources */ = {isa = PBXBuildFile; fileRef = 0505CF1E231732DE00577414 /* ByteBuffer+SubscribePacket.swift */; };
		0505CF212317517C00577414 /* ByteBuffer+UnsubscribePacket.swift in Sources */ = {isa = PBXBuildFile; fileRef = 0505CF202317517C00577414 /* ByteBuffer+UnsubscribePacket.swift */; };
		0505CF2323184C9600577414 /* ControlPacketEncoder.swift in Sources */ = {isa = PBXBuildFile; fileRef = 0505CF2223184C9600577414 /* ControlPacketEncoder.swift */; };
		0505CF25231852CF00577414 /* MQTT.swift in Sources */ = {isa = PBXBuildFile; fileRef = 0505CF24231852CF00577414 /* MQTT.swift */; };
		0507C3832319EB26000ACDA1 /* Configuration.swift in Sources */ = {isa = PBXBuildFile; fileRef = 0507C3822319EB26000ACDA1 /* Configuration.swift */; };
		051324242322F6BF006DA885 /* MQTTChannelHandler.swift in Sources */ = {isa = PBXBuildFile; fileRef = 051324232322F6BF006DA885 /* MQTTChannelHandler.swift */; };
		0533EBD922B8658E00500255 /* FixedHeader.swift in Sources */ = {isa = PBXBuildFile; fileRef = 0533EBD822B8658E00500255 /* FixedHeader.swift */; };
		0533EBDD22B9707000500255 /* PublishPacket.swift in Sources */ = {isa = PBXBuildFile; fileRef = 0533EBDC22B9707000500255 /* PublishPacket.swift */; };
		0533EBDF22B9743500500255 /* ConnectPacket.swift in Sources */ = {isa = PBXBuildFile; fileRef = 0533EBDE22B9743500500255 /* ConnectPacket.swift */; };
		0533EBE322B987C900500255 /* Property.swift in Sources */ = {isa = PBXBuildFile; fileRef = 0533EBE222B987C900500255 /* Property.swift */; };
		0533EBE522BC18E400500255 /* PingReqPacket.swift in Sources */ = {isa = PBXBuildFile; fileRef = 0533EBE422BC18E400500255 /* PingReqPacket.swift */; };
		0533EBE722BC3E8B00500255 /* PingRespPacket.swift in Sources */ = {isa = PBXBuildFile; fileRef = 0533EBE622BC3E8B00500255 /* PingRespPacket.swift */; };
		055790B9232038F000D4C5DB /* KeepAliveHandler.swift in Sources */ = {isa = PBXBuildFile; fileRef = 055790B8232038F000D4C5DB /* KeepAliveHandler.swift */; };
		056A221022B832C2000500C1 /* ByteBuffer+DataTypes.swift in Sources */ = {isa = PBXBuildFile; fileRef = 056A220F22B832C2000500C1 /* ByteBuffer+DataTypes.swift */; };
		056A221222B841D5000500C1 /* MQTTCodingError.swift in Sources */ = {isa = PBXBuildFile; fileRef = 056A221122B841D5000500C1 /* MQTTCodingError.swift */; };
		056A221422B85226000500C1 /* StringPair.swift in Sources */ = {isa = PBXBuildFile; fileRef = 056A221322B85226000500C1 /* StringPair.swift */; };
		057539D622B02AB000DE3B9D /* NIOMQTT.framework in Frameworks */ = {isa = PBXBuildFile; fileRef = 057539CC22B02AB000DE3B9D /* NIOMQTT.framework */; };
		057C30B6230209820064E71D /* String+Additions.swift in Sources */ = {isa = PBXBuildFile; fileRef = 057C30B5230209820064E71D /* String+Additions.swift */; };
		057C30B823020B4A0064E71D /* Data+Additions.swift in Sources */ = {isa = PBXBuildFile; fileRef = 057C30B723020B4A0064E71D /* Data+Additions.swift */; };
		057C30BE2304C2BB0064E71D /* ByteBuffer+ConnAckPacket.swift in Sources */ = {isa = PBXBuildFile; fileRef = 057C30BD2304C2BB0064E71D /* ByteBuffer+ConnAckPacket.swift */; };
		057C30C02304D3090064E71D /* ByteBuffer+PublishPacket.swift in Sources */ = {isa = PBXBuildFile; fileRef = 057C30BF2304D3090064E71D /* ByteBuffer+PublishPacket.swift */; };
		057C30C22304D3240064E71D /* ByteBuffer+PubAckPacket.swift in Sources */ = {isa = PBXBuildFile; fileRef = 057C30C12304D3240064E71D /* ByteBuffer+PubAckPacket.swift */; };
		057C30C42304D3660064E71D /* ByteBuffer+PubRecPacket.swift in Sources */ = {isa = PBXBuildFile; fileRef = 057C30C32304D3660064E71D /* ByteBuffer+PubRecPacket.swift */; };
		057C30C62304D37D0064E71D /* ByteBuffer+PubRelPacket.swift in Sources */ = {isa = PBXBuildFile; fileRef = 057C30C52304D37D0064E71D /* ByteBuffer+PubRelPacket.swift */; };
		057C30C82304D3910064E71D /* ByteBuffer+PubCompPacket.swift in Sources */ = {isa = PBXBuildFile; fileRef = 057C30C72304D3910064E71D /* ByteBuffer+PubCompPacket.swift */; };
		058629FC23282E0E00669BD0 /* Session.swift in Sources */ = {isa = PBXBuildFile; fileRef = 058629FB23282E0E00669BD0 /* Session.swift */; };
		058629FE23282E3A00669BD0 /* Session+Action.swift in Sources */ = {isa = PBXBuildFile; fileRef = 058629FD23282E3A00669BD0 /* Session+Action.swift */; };
		059448BA233D3F97001C90B1 /* ConnectivityState.swift in Sources */ = {isa = PBXBuildFile; fileRef = 059448B9233D3F97001C90B1 /* ConnectivityState.swift */; };
		059448BC233D6884001C90B1 /* MQTTError.swift in Sources */ = {isa = PBXBuildFile; fileRef = 059448BB233D6884001C90B1 /* MQTTError.swift */; };
		05A290252301416C0046E952 /* ByteBuffer+Property.swift in Sources */ = {isa = PBXBuildFile; fileRef = 05A290242301416C0046E952 /* ByteBuffer+Property.swift */; };
		05DD149E22B2EDCF001D33A3 /* VInt.swift in Sources */ = {isa = PBXBuildFile; fileRef = 05DD149D22B2EDCF001D33A3 /* VInt.swift */; };
		05F1981022E63463006E3E37 /* QoS.swift in Sources */ = {isa = PBXBuildFile; fileRef = 05F1980F22E63463006E3E37 /* QoS.swift */; };
		05F1981422E634D7006E3E37 /* ControlPacketType.swift in Sources */ = {isa = PBXBuildFile; fileRef = 05F1981322E634D7006E3E37 /* ControlPacketType.swift */; };
		05F1981622E640C7006E3E37 /* PublishPacket+VariableHeader.swift in Sources */ = {isa = PBXBuildFile; fileRef = 05F1981522E640C7006E3E37 /* PublishPacket+VariableHeader.swift */; };
		05F1981822E645C1006E3E37 /* ConnectPacket+ReasonCode.swift in Sources */ = {isa = PBXBuildFile; fileRef = 05F1981722E645C1006E3E37 /* ConnectPacket+ReasonCode.swift */; };
		05F1981C22E653D7006E3E37 /* PublishPacket+Payload.swift in Sources */ = {isa = PBXBuildFile; fileRef = 05F1981B22E653D7006E3E37 /* PublishPacket+Payload.swift */; };
		05F1981F22E6603E006E3E37 /* ConnAckPacket.swift in Sources */ = {isa = PBXBuildFile; fileRef = 05F1981E22E6603E006E3E37 /* ConnAckPacket.swift */; };
		05F1982122E66415006E3E37 /* PubAckPacket.swift in Sources */ = {isa = PBXBuildFile; fileRef = 05F1982022E66415006E3E37 /* PubAckPacket.swift */; };
		05F1982322E690FF006E3E37 /* PubAckPacket+VariableHeader.swift in Sources */ = {isa = PBXBuildFile; fileRef = 05F1982222E690FF006E3E37 /* PubAckPacket+VariableHeader.swift */; };
		05F1982522E69182006E3E37 /* PubAckPacket+ReasonCode.swift in Sources */ = {isa = PBXBuildFile; fileRef = 05F1982422E69182006E3E37 /* PubAckPacket+ReasonCode.swift */; };
		05F1982722E6CE29006E3E37 /* ControlPacketProtocol.swift in Sources */ = {isa = PBXBuildFile; fileRef = 05F1982622E6CE29006E3E37 /* ControlPacketProtocol.swift */; };
		05F1982922E6CEFE006E3E37 /* ControlPacket.swift in Sources */ = {isa = PBXBuildFile; fileRef = 05F1982822E6CEFE006E3E37 /* ControlPacket.swift */; };
		05F52184230B5CE3005CE1BF /* SubAckPacket.swift in Sources */ = {isa = PBXBuildFile; fileRef = 05F52183230B5CE3005CE1BF /* SubAckPacket.swift */; };
		05F52186230B5D97005CE1BF /* SubAckPacket+Payload.swift in Sources */ = {isa = PBXBuildFile; fileRef = 05F52185230B5D97005CE1BF /* SubAckPacket+Payload.swift */; };
		05F52188230B5DA6005CE1BF /* SubAckPacket+VariableHeader.swift in Sources */ = {isa = PBXBuildFile; fileRef = 05F52187230B5DA6005CE1BF /* SubAckPacket+VariableHeader.swift */; };
		05F5218A230B60AA005CE1BF /* SubAckPacket+ReasonCode.swift in Sources */ = {isa = PBXBuildFile; fileRef = 05F52189230B60AA005CE1BF /* SubAckPacket+ReasonCode.swift */; };
		05F5218D230B6ACF005CE1BF /* UnsubscribePacket.swift in Sources */ = {isa = PBXBuildFile; fileRef = 05F5218C230B6ACF005CE1BF /* UnsubscribePacket.swift */; };
		05F5218F230B6C7F005CE1BF /* UnsubscribePacketPacket+Payload.swift in Sources */ = {isa = PBXBuildFile; fileRef = 05F5218E230B6C7F005CE1BF /* UnsubscribePacketPacket+Payload.swift */; };
		05F52191230B6C81005CE1BF /* UnsubscribePacketPacket+VariableHeader.swift in Sources */ = {isa = PBXBuildFile; fileRef = 05F52190230B6C81005CE1BF /* UnsubscribePacketPacket+VariableHeader.swift */; };
		05F52194230B6CB3005CE1BF /* SubscribePacket+Payload.swift in Sources */ = {isa = PBXBuildFile; fileRef = 05F52192230B6CB3005CE1BF /* SubscribePacket+Payload.swift */; };
		05F52195230B6CB3005CE1BF /* SubscribePacket+VariableHeader.swift in Sources */ = {isa = PBXBuildFile; fileRef = 05F52193230B6CB3005CE1BF /* SubscribePacket+VariableHeader.swift */; };
		05F52198230B757F005CE1BF /* UnsubAckPacket.swift in Sources */ = {isa = PBXBuildFile; fileRef = 05F52197230B757F005CE1BF /* UnsubAckPacket.swift */; };
		05F5219A230B76D9005CE1BF /* UnsubAckPacket+Payload.swift in Sources */ = {isa = PBXBuildFile; fileRef = 05F52199230B76D9005CE1BF /* UnsubAckPacket+Payload.swift */; };
		05F5219C230B76EA005CE1BF /* UnsubAckPacket+VariableHeader.swift in Sources */ = {isa = PBXBuildFile; fileRef = 05F5219B230B76EA005CE1BF /* UnsubAckPacket+VariableHeader.swift */; };
		05F5219E230B7768005CE1BF /* UnsubAckPacket+ReasonCode.swift in Sources */ = {isa = PBXBuildFile; fileRef = 05F5219D230B7768005CE1BF /* UnsubAckPacket+ReasonCode.swift */; };
		4EEACB50233039C900828663 /* FixedHeaderIOTests.swift in Sources */ = {isa = PBXBuildFile; fileRef = 4EEACB4E233039BF00828663 /* FixedHeaderIOTests.swift */; };
		6BD6D9D699B613EC95C77BD7 /* Pods_NIOMQTT.framework in Frameworks */ = {isa = PBXBuildFile; fileRef = A4AD06D20CAEFF579204A014 /* Pods_NIOMQTT.framework */; };
		77C0490D2D3B768A09454CA9 /* Pods_NIOMQTTTests.framework in Frameworks */ = {isa = PBXBuildFile; fileRef = 1DFB956395817261FCE7D27A /* Pods_NIOMQTTTests.framework */; };
		821515DC233FF808007A0955 /* ConnectionBackoff.swift in Sources */ = {isa = PBXBuildFile; fileRef = 821515DB233FF808007A0955 /* ConnectionBackoff.swift */; };
		822A21A122E51C6900FC348C /* ConnectPacket+VariableHeader.swift in Sources */ = {isa = PBXBuildFile; fileRef = 822A21A022E51C6900FC348C /* ConnectPacket+VariableHeader.swift */; };
		822A21A622E5221C00FC348C /* HasProperties.swift in Sources */ = {isa = PBXBuildFile; fileRef = 822A21A522E5221C00FC348C /* HasProperties.swift */; };
		822A21AA22E5230400FC348C /* PropertyIdentifier.swift in Sources */ = {isa = PBXBuildFile; fileRef = 822A21A922E5230400FC348C /* PropertyIdentifier.swift */; };
		822A21AE22E524A800FC348C /* ConnectPacket+Payload.swift in Sources */ = {isa = PBXBuildFile; fileRef = 822A21AD22E524A800FC348C /* ConnectPacket+Payload.swift */; };
		822A21B522E5819000FC348C /* ConnackPacket+VariableHeader.swift in Sources */ = {isa = PBXBuildFile; fileRef = 822A21B222E57CEB00FC348C /* ConnackPacket+VariableHeader.swift */; };
		822FDADC22EE5FA900631F39 /* PubRelPacket+ReasonCode.swift in Sources */ = {isa = PBXBuildFile; fileRef = 822FDADB22EE5FA900631F39 /* PubRelPacket+ReasonCode.swift */; };
		822FDADE22EE604200631F39 /* PubRelPacket+VariableHeader.swift in Sources */ = {isa = PBXBuildFile; fileRef = 822FDADD22EE604200631F39 /* PubRelPacket+VariableHeader.swift */; };
		826C9D792305629E00C7BAF9 /* ByteBuffer+ControlPacket.swift in Sources */ = {isa = PBXBuildFile; fileRef = 826C9D782305629E00C7BAF9 /* ByteBuffer+ControlPacket.swift */; };
		826C9D7B2307772A00C7BAF9 /* FixedHeaderFlags.swift in Sources */ = {isa = PBXBuildFile; fileRef = 826C9D7A2307772A00C7BAF9 /* FixedHeaderFlags.swift */; };
		826C9D7D2307B1B000C7BAF9 /* PropertyCollection.swift in Sources */ = {isa = PBXBuildFile; fileRef = 826C9D7C2307B1B000C7BAF9 /* PropertyCollection.swift */; };
		826C9D7F2308AEAF00C7BAF9 /* PropertyTests.swift in Sources */ = {isa = PBXBuildFile; fileRef = 826C9D7E2308AEAE00C7BAF9 /* PropertyTests.swift */; };
		826C9D812308AFBD00C7BAF9 /* DataTypeIOTests.swift in Sources */ = {isa = PBXBuildFile; fileRef = 826C9D802308AFBD00C7BAF9 /* DataTypeIOTests.swift */; };
		8284EF9D22ED7BFB0063A72C /* PubRecPacket.swift in Sources */ = {isa = PBXBuildFile; fileRef = 8284EF9C22ED7BFB0063A72C /* PubRecPacket.swift */; };
		8284EFA322EE115A0063A72C /* PubRecPacket+VariableHeader.swift in Sources */ = {isa = PBXBuildFile; fileRef = 8284EFA222EE115A0063A72C /* PubRecPacket+VariableHeader.swift */; };
		8284EFA722EE15460063A72C /* PubRecPacket+ReasonCode.swift in Sources */ = {isa = PBXBuildFile; fileRef = 8284EFA622EE15460063A72C /* PubRecPacket+ReasonCode.swift */; };
		829C82B622EE68D70026F421 /* PubCompPacket.swift in Sources */ = {isa = PBXBuildFile; fileRef = 829C82B422EE68D00026F421 /* PubCompPacket.swift */; };
		829C82B722EE68DA0026F421 /* PubCompPacket+ReasonCode.swift in Sources */ = {isa = PBXBuildFile; fileRef = 829C82B522EE68D00026F421 /* PubCompPacket+ReasonCode.swift */; };
		829C82B822EE68DD0026F421 /* PubCompPacket+VariableHeader.swift in Sources */ = {isa = PBXBuildFile; fileRef = 829C82B322EE68D00026F421 /* PubCompPacket+VariableHeader.swift */; };
		829C82BB22EE6F4A0026F421 /* SubscribePacket.swift in Sources */ = {isa = PBXBuildFile; fileRef = 829C82BA22EE6F480026F421 /* SubscribePacket.swift */; };
		82A71E45230A6EE90084EDC6 /* UInt+Additions.swift in Sources */ = {isa = PBXBuildFile; fileRef = 82A71E44230A6EE90084EDC6 /* UInt+Additions.swift */; };
		82A7BDD7231CE72500F61345 /* LoggingHandler.swift in Sources */ = {isa = PBXBuildFile; fileRef = 82A7BDD6231CE72500F61345 /* LoggingHandler.swift */; };
		82ADF74822EE519200FB3D92 /* PubRelPacket.swift in Sources */ = {isa = PBXBuildFile; fileRef = 82ADF74722EE519200FB3D92 /* PubRelPacket.swift */; };
		82B600A122E133E400E1FF7B /* ByteBufferTestCase.swift in Sources */ = {isa = PBXBuildFile; fileRef = 8275557722E0F3620056D3B9 /* ByteBufferTestCase.swift */; };
		82DEEC3C22FE2E9F002577DC /* ControlPacketDecoder.swift in Sources */ = {isa = PBXBuildFile; fileRef = 82DEEC3B22FE2E9F002577DC /* ControlPacketDecoder.swift */; };
		82E52B6B230C4C0F00D58DE2 /* DisconnectPacket.swift in Sources */ = {isa = PBXBuildFile; fileRef = 82E52B6A230C4C0F00D58DE2 /* DisconnectPacket.swift */; };
		82E52B6D230C4E4D00D58DE2 /* DisconnectPacket+VariableHeader.swift in Sources */ = {isa = PBXBuildFile; fileRef = 82E52B6C230C4E4D00D58DE2 /* DisconnectPacket+VariableHeader.swift */; };
		82E52B6F230C4EAC00D58DE2 /* DisconnectPacket+ReasonCode.swift in Sources */ = {isa = PBXBuildFile; fileRef = 82E52B6E230C4EAC00D58DE2 /* DisconnectPacket+ReasonCode.swift */; };
		82E52B72230C797200D58DE2 /* AuthPacket.swift in Sources */ = {isa = PBXBuildFile; fileRef = 82E52B71230C797200D58DE2 /* AuthPacket.swift */; };
		82E52B74230C79B000D58DE2 /* AuthPacket+VariableHeader.swift in Sources */ = {isa = PBXBuildFile; fileRef = 82E52B73230C79B000D58DE2 /* AuthPacket+VariableHeader.swift */; };
		82E52B76230C7A3D00D58DE2 /* AuthPacket+ReasonCode.swift in Sources */ = {isa = PBXBuildFile; fileRef = 82E52B75230C7A3D00D58DE2 /* AuthPacket+ReasonCode.swift */; };
		82E52B7A230CC59B00D58DE2 /* ByteBuffer+SubAckPacket.swift in Sources */ = {isa = PBXBuildFile; fileRef = 82E52B79230CC59B00D58DE2 /* ByteBuffer+SubAckPacket.swift */; };
		82E52B7C230CEC3900D58DE2 /* ByteBuffer+PacketComponents.swift in Sources */ = {isa = PBXBuildFile; fileRef = 82E52B7B230CEC3900D58DE2 /* ByteBuffer+PacketComponents.swift */; };
		82E52B7E230DC5DA00D58DE2 /* PacketComponentIOTests.swift in Sources */ = {isa = PBXBuildFile; fileRef = 82E52B7D230DC5DA00D58DE2 /* PacketComponentIOTests.swift */; };
		82E52B80230DE03900D58DE2 /* ByteBuffer+UnsubAckPacket.swift in Sources */ = {isa = PBXBuildFile; fileRef = 82E52B7F230DE03900D58DE2 /* ByteBuffer+UnsubAckPacket.swift */; };
		82E52B82230DE18F00D58DE2 /* ByteBuffer+DisconnectPacket.swift in Sources */ = {isa = PBXBuildFile; fileRef = 82E52B81230DE18F00D58DE2 /* ByteBuffer+DisconnectPacket.swift */; };
		82E52B84230DE21900D58DE2 /* ByteBuffer+AuthPacket.swift in Sources */ = {isa = PBXBuildFile; fileRef = 82E52B83230DE21900D58DE2 /* ByteBuffer+AuthPacket.swift */; };
		82E52B86230E140B00D58DE2 /* ByteBuffer+ConnectPacket.swift in Sources */ = {isa = PBXBuildFile; fileRef = 82E52B85230E140B00D58DE2 /* ByteBuffer+ConnectPacket.swift */; };
		82E52B88230E32FB00D58DE2 /* MQTTByteRepresentable.swift in Sources */ = {isa = PBXBuildFile; fileRef = 82E52B87230E32FB00D58DE2 /* MQTTByteRepresentable.swift */; };
		82E52B8E2310589300D58DE2 /* PropertyCollectionTests.swift in Sources */ = {isa = PBXBuildFile; fileRef = 82E52B8B231057EF00D58DE2 /* PropertyCollectionTests.swift */; };
		82E52B942311BB4600D58DE2 /* ConnectPacketTests.swift in Sources */ = {isa = PBXBuildFile; fileRef = 82E52B902311BA4100D58DE2 /* ConnectPacketTests.swift */; };
		82E52B962312D85700D58DE2 /* ConnectPacketIOTests.swift in Sources */ = {isa = PBXBuildFile; fileRef = 82E52B952312D85700D58DE2 /* ConnectPacketIOTests.swift */; };
/* End PBXBuildFile section */

/* Begin PBXContainerItemProxy section */
		057539D722B02AB000DE3B9D /* PBXContainerItemProxy */ = {
			isa = PBXContainerItemProxy;
			containerPortal = 057539C322B02AB000DE3B9D /* Project object */;
			proxyType = 1;
			remoteGlobalIDString = 057539CB22B02AB000DE3B9D;
			remoteInfo = SwiftNIOMQTT;
		};
/* End PBXContainerItemProxy section */

/* Begin PBXFileReference section */
		0505CF1E231732DE00577414 /* ByteBuffer+SubscribePacket.swift */ = {isa = PBXFileReference; lastKnownFileType = sourcecode.swift; path = "ByteBuffer+SubscribePacket.swift"; sourceTree = "<group>"; };
		0505CF202317517C00577414 /* ByteBuffer+UnsubscribePacket.swift */ = {isa = PBXFileReference; lastKnownFileType = sourcecode.swift; path = "ByteBuffer+UnsubscribePacket.swift"; sourceTree = "<group>"; };
		0505CF2223184C9600577414 /* ControlPacketEncoder.swift */ = {isa = PBXFileReference; lastKnownFileType = sourcecode.swift; path = ControlPacketEncoder.swift; sourceTree = "<group>"; };
		0505CF24231852CF00577414 /* MQTT.swift */ = {isa = PBXFileReference; lastKnownFileType = sourcecode.swift; path = MQTT.swift; sourceTree = "<group>"; };
		0507C3822319EB26000ACDA1 /* Configuration.swift */ = {isa = PBXFileReference; lastKnownFileType = sourcecode.swift; path = Configuration.swift; sourceTree = "<group>"; };
		051324232322F6BF006DA885 /* MQTTChannelHandler.swift */ = {isa = PBXFileReference; lastKnownFileType = sourcecode.swift; path = MQTTChannelHandler.swift; sourceTree = "<group>"; };
		0533EBD822B8658E00500255 /* FixedHeader.swift */ = {isa = PBXFileReference; lastKnownFileType = sourcecode.swift; path = FixedHeader.swift; sourceTree = "<group>"; };
		0533EBDC22B9707000500255 /* PublishPacket.swift */ = {isa = PBXFileReference; lastKnownFileType = sourcecode.swift; path = PublishPacket.swift; sourceTree = "<group>"; };
		0533EBDE22B9743500500255 /* ConnectPacket.swift */ = {isa = PBXFileReference; lastKnownFileType = sourcecode.swift; path = ConnectPacket.swift; sourceTree = "<group>"; };
		0533EBE222B987C900500255 /* Property.swift */ = {isa = PBXFileReference; lastKnownFileType = sourcecode.swift; path = Property.swift; sourceTree = "<group>"; };
		0533EBE422BC18E400500255 /* PingReqPacket.swift */ = {isa = PBXFileReference; lastKnownFileType = sourcecode.swift; path = PingReqPacket.swift; sourceTree = "<group>"; };
		0533EBE622BC3E8B00500255 /* PingRespPacket.swift */ = {isa = PBXFileReference; lastKnownFileType = sourcecode.swift; path = PingRespPacket.swift; sourceTree = "<group>"; };
		055790B8232038F000D4C5DB /* KeepAliveHandler.swift */ = {isa = PBXFileReference; lastKnownFileType = sourcecode.swift; path = KeepAliveHandler.swift; sourceTree = "<group>"; };
		056A220F22B832C2000500C1 /* ByteBuffer+DataTypes.swift */ = {isa = PBXFileReference; lastKnownFileType = sourcecode.swift; path = "ByteBuffer+DataTypes.swift"; sourceTree = "<group>"; };
		056A221122B841D5000500C1 /* MQTTCodingError.swift */ = {isa = PBXFileReference; lastKnownFileType = sourcecode.swift; path = MQTTCodingError.swift; sourceTree = "<group>"; };
		056A221322B85226000500C1 /* StringPair.swift */ = {isa = PBXFileReference; lastKnownFileType = sourcecode.swift; path = StringPair.swift; sourceTree = "<group>"; };
		057539CC22B02AB000DE3B9D /* NIOMQTT.framework */ = {isa = PBXFileReference; explicitFileType = wrapper.framework; includeInIndex = 0; path = NIOMQTT.framework; sourceTree = BUILT_PRODUCTS_DIR; };
		057539D022B02AB000DE3B9D /* Info.plist */ = {isa = PBXFileReference; lastKnownFileType = text.plist.xml; path = Info.plist; sourceTree = "<group>"; };
		057539D522B02AB000DE3B9D /* NIOMQTTTests.xctest */ = {isa = PBXFileReference; explicitFileType = wrapper.cfbundle; includeInIndex = 0; path = NIOMQTTTests.xctest; sourceTree = BUILT_PRODUCTS_DIR; };
		057539DC22B02AB000DE3B9D /* Info.plist */ = {isa = PBXFileReference; lastKnownFileType = text.plist.xml; path = Info.plist; sourceTree = "<group>"; };
		057C30B5230209820064E71D /* String+Additions.swift */ = {isa = PBXFileReference; lastKnownFileType = sourcecode.swift; path = "String+Additions.swift"; sourceTree = "<group>"; };
		057C30B723020B4A0064E71D /* Data+Additions.swift */ = {isa = PBXFileReference; lastKnownFileType = sourcecode.swift; path = "Data+Additions.swift"; sourceTree = "<group>"; };
		057C30BD2304C2BB0064E71D /* ByteBuffer+ConnAckPacket.swift */ = {isa = PBXFileReference; lastKnownFileType = sourcecode.swift; path = "ByteBuffer+ConnAckPacket.swift"; sourceTree = "<group>"; };
		057C30BF2304D3090064E71D /* ByteBuffer+PublishPacket.swift */ = {isa = PBXFileReference; lastKnownFileType = sourcecode.swift; path = "ByteBuffer+PublishPacket.swift"; sourceTree = "<group>"; };
		057C30C12304D3240064E71D /* ByteBuffer+PubAckPacket.swift */ = {isa = PBXFileReference; lastKnownFileType = sourcecode.swift; path = "ByteBuffer+PubAckPacket.swift"; sourceTree = "<group>"; };
		057C30C32304D3660064E71D /* ByteBuffer+PubRecPacket.swift */ = {isa = PBXFileReference; lastKnownFileType = sourcecode.swift; path = "ByteBuffer+PubRecPacket.swift"; sourceTree = "<group>"; };
		057C30C52304D37D0064E71D /* ByteBuffer+PubRelPacket.swift */ = {isa = PBXFileReference; lastKnownFileType = sourcecode.swift; path = "ByteBuffer+PubRelPacket.swift"; sourceTree = "<group>"; };
		057C30C72304D3910064E71D /* ByteBuffer+PubCompPacket.swift */ = {isa = PBXFileReference; lastKnownFileType = sourcecode.swift; path = "ByteBuffer+PubCompPacket.swift"; sourceTree = "<group>"; };
		058629FB23282E0E00669BD0 /* Session.swift */ = {isa = PBXFileReference; lastKnownFileType = sourcecode.swift; path = Session.swift; sourceTree = "<group>"; };
		058629FD23282E3A00669BD0 /* Session+Action.swift */ = {isa = PBXFileReference; lastKnownFileType = sourcecode.swift; path = "Session+Action.swift"; sourceTree = "<group>"; };
		059448B9233D3F97001C90B1 /* ConnectivityState.swift */ = {isa = PBXFileReference; lastKnownFileType = sourcecode.swift; path = ConnectivityState.swift; sourceTree = "<group>"; };
		059448BB233D6884001C90B1 /* MQTTError.swift */ = {isa = PBXFileReference; lastKnownFileType = sourcecode.swift; path = MQTTError.swift; sourceTree = "<group>"; };
		05A290242301416C0046E952 /* ByteBuffer+Property.swift */ = {isa = PBXFileReference; lastKnownFileType = sourcecode.swift; path = "ByteBuffer+Property.swift"; sourceTree = "<group>"; };
		05DD149D22B2EDCF001D33A3 /* VInt.swift */ = {isa = PBXFileReference; lastKnownFileType = sourcecode.swift; path = VInt.swift; sourceTree = "<group>"; };
		05F1980F22E63463006E3E37 /* QoS.swift */ = {isa = PBXFileReference; lastKnownFileType = sourcecode.swift; path = QoS.swift; sourceTree = "<group>"; };
		05F1981322E634D7006E3E37 /* ControlPacketType.swift */ = {isa = PBXFileReference; lastKnownFileType = sourcecode.swift; path = ControlPacketType.swift; sourceTree = "<group>"; };
		05F1981522E640C7006E3E37 /* PublishPacket+VariableHeader.swift */ = {isa = PBXFileReference; lastKnownFileType = sourcecode.swift; path = "PublishPacket+VariableHeader.swift"; sourceTree = "<group>"; };
		05F1981722E645C1006E3E37 /* ConnectPacket+ReasonCode.swift */ = {isa = PBXFileReference; lastKnownFileType = sourcecode.swift; path = "ConnectPacket+ReasonCode.swift"; sourceTree = "<group>"; };
		05F1981B22E653D7006E3E37 /* PublishPacket+Payload.swift */ = {isa = PBXFileReference; lastKnownFileType = sourcecode.swift; path = "PublishPacket+Payload.swift"; sourceTree = "<group>"; };
		05F1981E22E6603E006E3E37 /* ConnAckPacket.swift */ = {isa = PBXFileReference; fileEncoding = 4; lastKnownFileType = sourcecode.swift; path = ConnAckPacket.swift; sourceTree = "<group>"; };
		05F1982022E66415006E3E37 /* PubAckPacket.swift */ = {isa = PBXFileReference; lastKnownFileType = sourcecode.swift; path = PubAckPacket.swift; sourceTree = "<group>"; };
		05F1982222E690FF006E3E37 /* PubAckPacket+VariableHeader.swift */ = {isa = PBXFileReference; lastKnownFileType = sourcecode.swift; path = "PubAckPacket+VariableHeader.swift"; sourceTree = "<group>"; };
		05F1982422E69182006E3E37 /* PubAckPacket+ReasonCode.swift */ = {isa = PBXFileReference; lastKnownFileType = sourcecode.swift; path = "PubAckPacket+ReasonCode.swift"; sourceTree = "<group>"; };
		05F1982622E6CE29006E3E37 /* ControlPacketProtocol.swift */ = {isa = PBXFileReference; fileEncoding = 4; lastKnownFileType = sourcecode.swift; path = ControlPacketProtocol.swift; sourceTree = "<group>"; };
		05F1982822E6CEFE006E3E37 /* ControlPacket.swift */ = {isa = PBXFileReference; lastKnownFileType = sourcecode.swift; path = ControlPacket.swift; sourceTree = "<group>"; };
		05F52183230B5CE3005CE1BF /* SubAckPacket.swift */ = {isa = PBXFileReference; lastKnownFileType = sourcecode.swift; path = SubAckPacket.swift; sourceTree = "<group>"; };
		05F52185230B5D97005CE1BF /* SubAckPacket+Payload.swift */ = {isa = PBXFileReference; lastKnownFileType = sourcecode.swift; path = "SubAckPacket+Payload.swift"; sourceTree = "<group>"; };
		05F52187230B5DA6005CE1BF /* SubAckPacket+VariableHeader.swift */ = {isa = PBXFileReference; lastKnownFileType = sourcecode.swift; path = "SubAckPacket+VariableHeader.swift"; sourceTree = "<group>"; };
		05F52189230B60AA005CE1BF /* SubAckPacket+ReasonCode.swift */ = {isa = PBXFileReference; lastKnownFileType = sourcecode.swift; path = "SubAckPacket+ReasonCode.swift"; sourceTree = "<group>"; };
		05F5218C230B6ACF005CE1BF /* UnsubscribePacket.swift */ = {isa = PBXFileReference; lastKnownFileType = sourcecode.swift; path = UnsubscribePacket.swift; sourceTree = "<group>"; };
		05F5218E230B6C7F005CE1BF /* UnsubscribePacketPacket+Payload.swift */ = {isa = PBXFileReference; lastKnownFileType = sourcecode.swift; path = "UnsubscribePacketPacket+Payload.swift"; sourceTree = "<group>"; };
		05F52190230B6C81005CE1BF /* UnsubscribePacketPacket+VariableHeader.swift */ = {isa = PBXFileReference; lastKnownFileType = sourcecode.swift; path = "UnsubscribePacketPacket+VariableHeader.swift"; sourceTree = "<group>"; };
		05F52192230B6CB3005CE1BF /* SubscribePacket+Payload.swift */ = {isa = PBXFileReference; fileEncoding = 4; lastKnownFileType = sourcecode.swift; path = "SubscribePacket+Payload.swift"; sourceTree = "<group>"; };
		05F52193230B6CB3005CE1BF /* SubscribePacket+VariableHeader.swift */ = {isa = PBXFileReference; fileEncoding = 4; lastKnownFileType = sourcecode.swift; path = "SubscribePacket+VariableHeader.swift"; sourceTree = "<group>"; };
		05F52197230B757F005CE1BF /* UnsubAckPacket.swift */ = {isa = PBXFileReference; lastKnownFileType = sourcecode.swift; path = UnsubAckPacket.swift; sourceTree = "<group>"; };
		05F52199230B76D9005CE1BF /* UnsubAckPacket+Payload.swift */ = {isa = PBXFileReference; lastKnownFileType = sourcecode.swift; path = "UnsubAckPacket+Payload.swift"; sourceTree = "<group>"; };
		05F5219B230B76EA005CE1BF /* UnsubAckPacket+VariableHeader.swift */ = {isa = PBXFileReference; lastKnownFileType = sourcecode.swift; path = "UnsubAckPacket+VariableHeader.swift"; sourceTree = "<group>"; };
		05F5219D230B7768005CE1BF /* UnsubAckPacket+ReasonCode.swift */ = {isa = PBXFileReference; lastKnownFileType = sourcecode.swift; path = "UnsubAckPacket+ReasonCode.swift"; sourceTree = "<group>"; };
		0BD3180A009A1BE7C5BE02B3 /* Pods-SwiftNIOMQTTTests.release.xcconfig */ = {isa = PBXFileReference; includeInIndex = 1; lastKnownFileType = text.xcconfig; name = "Pods-SwiftNIOMQTTTests.release.xcconfig"; path = "Target Support Files/Pods-SwiftNIOMQTTTests/Pods-SwiftNIOMQTTTests.release.xcconfig"; sourceTree = "<group>"; };
		1DFB956395817261FCE7D27A /* Pods_NIOMQTTTests.framework */ = {isa = PBXFileReference; explicitFileType = wrapper.framework; includeInIndex = 0; path = Pods_NIOMQTTTests.framework; sourceTree = BUILT_PRODUCTS_DIR; };
		276633216507771EE9D29816 /* Pods-SwiftNIOMQTT.debug.xcconfig */ = {isa = PBXFileReference; includeInIndex = 1; lastKnownFileType = text.xcconfig; name = "Pods-SwiftNIOMQTT.debug.xcconfig"; path = "Target Support Files/Pods-SwiftNIOMQTT/Pods-SwiftNIOMQTT.debug.xcconfig"; sourceTree = "<group>"; };
		4EEACB4E233039BF00828663 /* FixedHeaderIOTests.swift */ = {isa = PBXFileReference; lastKnownFileType = sourcecode.swift; path = FixedHeaderIOTests.swift; sourceTree = "<group>"; };
		63A789DCAF03F7B3EF69CE0C /* Pods-SwiftNIOMQTT.release.xcconfig */ = {isa = PBXFileReference; includeInIndex = 1; lastKnownFileType = text.xcconfig; name = "Pods-SwiftNIOMQTT.release.xcconfig"; path = "Target Support Files/Pods-SwiftNIOMQTT/Pods-SwiftNIOMQTT.release.xcconfig"; sourceTree = "<group>"; };
		732F5CB566770EA0A313DE9E /* Pods-NIOMQTT.debug.xcconfig */ = {isa = PBXFileReference; includeInIndex = 1; lastKnownFileType = text.xcconfig; name = "Pods-NIOMQTT.debug.xcconfig"; path = "Target Support Files/Pods-NIOMQTT/Pods-NIOMQTT.debug.xcconfig"; sourceTree = "<group>"; };
		821515DB233FF808007A0955 /* ConnectionBackoff.swift */ = {isa = PBXFileReference; lastKnownFileType = sourcecode.swift; path = ConnectionBackoff.swift; sourceTree = "<group>"; };
		822A21A022E51C6900FC348C /* ConnectPacket+VariableHeader.swift */ = {isa = PBXFileReference; fileEncoding = 4; lastKnownFileType = sourcecode.swift; path = "ConnectPacket+VariableHeader.swift"; sourceTree = "<group>"; };
		822A21A522E5221C00FC348C /* HasProperties.swift */ = {isa = PBXFileReference; fileEncoding = 4; lastKnownFileType = sourcecode.swift; path = HasProperties.swift; sourceTree = "<group>"; };
		822A21A922E5230400FC348C /* PropertyIdentifier.swift */ = {isa = PBXFileReference; fileEncoding = 4; lastKnownFileType = sourcecode.swift; path = PropertyIdentifier.swift; sourceTree = "<group>"; };
		822A21AD22E524A800FC348C /* ConnectPacket+Payload.swift */ = {isa = PBXFileReference; fileEncoding = 4; lastKnownFileType = sourcecode.swift; path = "ConnectPacket+Payload.swift"; sourceTree = "<group>"; };
		822A21B222E57CEB00FC348C /* ConnackPacket+VariableHeader.swift */ = {isa = PBXFileReference; lastKnownFileType = sourcecode.swift; path = "ConnackPacket+VariableHeader.swift"; sourceTree = "<group>"; };
		822FDADB22EE5FA900631F39 /* PubRelPacket+ReasonCode.swift */ = {isa = PBXFileReference; lastKnownFileType = sourcecode.swift; path = "PubRelPacket+ReasonCode.swift"; sourceTree = "<group>"; };
		822FDADD22EE604200631F39 /* PubRelPacket+VariableHeader.swift */ = {isa = PBXFileReference; lastKnownFileType = sourcecode.swift; path = "PubRelPacket+VariableHeader.swift"; sourceTree = "<group>"; };
		826C9D782305629E00C7BAF9 /* ByteBuffer+ControlPacket.swift */ = {isa = PBXFileReference; lastKnownFileType = sourcecode.swift; path = "ByteBuffer+ControlPacket.swift"; sourceTree = "<group>"; };
		826C9D7A2307772A00C7BAF9 /* FixedHeaderFlags.swift */ = {isa = PBXFileReference; lastKnownFileType = sourcecode.swift; path = FixedHeaderFlags.swift; sourceTree = "<group>"; };
		826C9D7C2307B1B000C7BAF9 /* PropertyCollection.swift */ = {isa = PBXFileReference; lastKnownFileType = sourcecode.swift; path = PropertyCollection.swift; sourceTree = "<group>"; };
		826C9D7E2308AEAE00C7BAF9 /* PropertyTests.swift */ = {isa = PBXFileReference; lastKnownFileType = sourcecode.swift; path = PropertyTests.swift; sourceTree = "<group>"; };
		826C9D802308AFBD00C7BAF9 /* DataTypeIOTests.swift */ = {isa = PBXFileReference; lastKnownFileType = sourcecode.swift; path = DataTypeIOTests.swift; sourceTree = "<group>"; };
		8275557722E0F3620056D3B9 /* ByteBufferTestCase.swift */ = {isa = PBXFileReference; fileEncoding = 4; lastKnownFileType = sourcecode.swift; path = ByteBufferTestCase.swift; sourceTree = "<group>"; };
		8284EF9C22ED7BFB0063A72C /* PubRecPacket.swift */ = {isa = PBXFileReference; fileEncoding = 4; lastKnownFileType = sourcecode.swift; path = PubRecPacket.swift; sourceTree = "<group>"; };
		8284EFA222EE115A0063A72C /* PubRecPacket+VariableHeader.swift */ = {isa = PBXFileReference; fileEncoding = 4; lastKnownFileType = sourcecode.swift; path = "PubRecPacket+VariableHeader.swift"; sourceTree = "<group>"; };
		8284EFA622EE15460063A72C /* PubRecPacket+ReasonCode.swift */ = {isa = PBXFileReference; fileEncoding = 4; lastKnownFileType = sourcecode.swift; path = "PubRecPacket+ReasonCode.swift"; sourceTree = "<group>"; };
		829C82B322EE68D00026F421 /* PubCompPacket+VariableHeader.swift */ = {isa = PBXFileReference; lastKnownFileType = sourcecode.swift; path = "PubCompPacket+VariableHeader.swift"; sourceTree = "<group>"; };
		829C82B422EE68D00026F421 /* PubCompPacket.swift */ = {isa = PBXFileReference; lastKnownFileType = sourcecode.swift; path = PubCompPacket.swift; sourceTree = "<group>"; };
		829C82B522EE68D00026F421 /* PubCompPacket+ReasonCode.swift */ = {isa = PBXFileReference; lastKnownFileType = sourcecode.swift; path = "PubCompPacket+ReasonCode.swift"; sourceTree = "<group>"; };
		829C82BA22EE6F480026F421 /* SubscribePacket.swift */ = {isa = PBXFileReference; lastKnownFileType = sourcecode.swift; path = SubscribePacket.swift; sourceTree = "<group>"; };
		82A71E44230A6EE90084EDC6 /* UInt+Additions.swift */ = {isa = PBXFileReference; lastKnownFileType = sourcecode.swift; path = "UInt+Additions.swift"; sourceTree = "<group>"; };
		82A7BDD6231CE72500F61345 /* LoggingHandler.swift */ = {isa = PBXFileReference; lastKnownFileType = sourcecode.swift; path = LoggingHandler.swift; sourceTree = "<group>"; };
		82ADF74722EE519200FB3D92 /* PubRelPacket.swift */ = {isa = PBXFileReference; fileEncoding = 4; lastKnownFileType = sourcecode.swift; path = PubRelPacket.swift; sourceTree = "<group>"; };
		82DEEC3B22FE2E9F002577DC /* ControlPacketDecoder.swift */ = {isa = PBXFileReference; fileEncoding = 4; lastKnownFileType = sourcecode.swift; path = ControlPacketDecoder.swift; sourceTree = "<group>"; };
		82E52B6A230C4C0F00D58DE2 /* DisconnectPacket.swift */ = {isa = PBXFileReference; lastKnownFileType = sourcecode.swift; path = DisconnectPacket.swift; sourceTree = "<group>"; };
		82E52B6C230C4E4D00D58DE2 /* DisconnectPacket+VariableHeader.swift */ = {isa = PBXFileReference; lastKnownFileType = sourcecode.swift; path = "DisconnectPacket+VariableHeader.swift"; sourceTree = "<group>"; };
		82E52B6E230C4EAC00D58DE2 /* DisconnectPacket+ReasonCode.swift */ = {isa = PBXFileReference; lastKnownFileType = sourcecode.swift; path = "DisconnectPacket+ReasonCode.swift"; sourceTree = "<group>"; };
		82E52B71230C797200D58DE2 /* AuthPacket.swift */ = {isa = PBXFileReference; lastKnownFileType = sourcecode.swift; path = AuthPacket.swift; sourceTree = "<group>"; };
		82E52B73230C79B000D58DE2 /* AuthPacket+VariableHeader.swift */ = {isa = PBXFileReference; lastKnownFileType = sourcecode.swift; path = "AuthPacket+VariableHeader.swift"; sourceTree = "<group>"; };
		82E52B75230C7A3D00D58DE2 /* AuthPacket+ReasonCode.swift */ = {isa = PBXFileReference; lastKnownFileType = sourcecode.swift; path = "AuthPacket+ReasonCode.swift"; sourceTree = "<group>"; };
		82E52B79230CC59B00D58DE2 /* ByteBuffer+SubAckPacket.swift */ = {isa = PBXFileReference; lastKnownFileType = sourcecode.swift; path = "ByteBuffer+SubAckPacket.swift"; sourceTree = "<group>"; };
		82E52B7B230CEC3900D58DE2 /* ByteBuffer+PacketComponents.swift */ = {isa = PBXFileReference; lastKnownFileType = sourcecode.swift; path = "ByteBuffer+PacketComponents.swift"; sourceTree = "<group>"; };
		82E52B7D230DC5DA00D58DE2 /* PacketComponentIOTests.swift */ = {isa = PBXFileReference; lastKnownFileType = sourcecode.swift; path = PacketComponentIOTests.swift; sourceTree = "<group>"; };
		82E52B7F230DE03900D58DE2 /* ByteBuffer+UnsubAckPacket.swift */ = {isa = PBXFileReference; lastKnownFileType = sourcecode.swift; path = "ByteBuffer+UnsubAckPacket.swift"; sourceTree = "<group>"; };
		82E52B81230DE18F00D58DE2 /* ByteBuffer+DisconnectPacket.swift */ = {isa = PBXFileReference; lastKnownFileType = sourcecode.swift; path = "ByteBuffer+DisconnectPacket.swift"; sourceTree = "<group>"; };
		82E52B83230DE21900D58DE2 /* ByteBuffer+AuthPacket.swift */ = {isa = PBXFileReference; lastKnownFileType = sourcecode.swift; path = "ByteBuffer+AuthPacket.swift"; sourceTree = "<group>"; };
		82E52B85230E140B00D58DE2 /* ByteBuffer+ConnectPacket.swift */ = {isa = PBXFileReference; lastKnownFileType = sourcecode.swift; path = "ByteBuffer+ConnectPacket.swift"; sourceTree = "<group>"; };
		82E52B87230E32FB00D58DE2 /* MQTTByteRepresentable.swift */ = {isa = PBXFileReference; lastKnownFileType = sourcecode.swift; path = MQTTByteRepresentable.swift; sourceTree = "<group>"; };
		82E52B8B231057EF00D58DE2 /* PropertyCollectionTests.swift */ = {isa = PBXFileReference; lastKnownFileType = sourcecode.swift; path = PropertyCollectionTests.swift; sourceTree = "<group>"; };
		82E52B902311BA4100D58DE2 /* ConnectPacketTests.swift */ = {isa = PBXFileReference; lastKnownFileType = sourcecode.swift; path = ConnectPacketTests.swift; sourceTree = "<group>"; };
		82E52B952312D85700D58DE2 /* ConnectPacketIOTests.swift */ = {isa = PBXFileReference; lastKnownFileType = sourcecode.swift; path = ConnectPacketIOTests.swift; sourceTree = "<group>"; };
		88219A7FD11656CB7D62006A /* Pods-NIOMQTTTests.release.xcconfig */ = {isa = PBXFileReference; includeInIndex = 1; lastKnownFileType = text.xcconfig; name = "Pods-NIOMQTTTests.release.xcconfig"; path = "Target Support Files/Pods-NIOMQTTTests/Pods-NIOMQTTTests.release.xcconfig"; sourceTree = "<group>"; };
		A4AD06D20CAEFF579204A014 /* Pods_NIOMQTT.framework */ = {isa = PBXFileReference; explicitFileType = wrapper.framework; includeInIndex = 0; path = Pods_NIOMQTT.framework; sourceTree = BUILT_PRODUCTS_DIR; };
		A8B76751CF124B5E5C69608E /* Pods-NIOMQTT.release.xcconfig */ = {isa = PBXFileReference; includeInIndex = 1; lastKnownFileType = text.xcconfig; name = "Pods-NIOMQTT.release.xcconfig"; path = "Target Support Files/Pods-NIOMQTT/Pods-NIOMQTT.release.xcconfig"; sourceTree = "<group>"; };
		EB1F0597360D71B7E2533801 /* Pods-NIOMQTTTests.debug.xcconfig */ = {isa = PBXFileReference; includeInIndex = 1; lastKnownFileType = text.xcconfig; name = "Pods-NIOMQTTTests.debug.xcconfig"; path = "Target Support Files/Pods-NIOMQTTTests/Pods-NIOMQTTTests.debug.xcconfig"; sourceTree = "<group>"; };
		EBDDB21A4BF5BA254B8D8E84 /* Pods-SwiftNIOMQTTTests.debug.xcconfig */ = {isa = PBXFileReference; includeInIndex = 1; lastKnownFileType = text.xcconfig; name = "Pods-SwiftNIOMQTTTests.debug.xcconfig"; path = "Target Support Files/Pods-SwiftNIOMQTTTests/Pods-SwiftNIOMQTTTests.debug.xcconfig"; sourceTree = "<group>"; };
/* End PBXFileReference section */

/* Begin PBXFrameworksBuildPhase section */
		057539C922B02AB000DE3B9D /* Frameworks */ = {
			isa = PBXFrameworksBuildPhase;
			buildActionMask = 2147483647;
			files = (
				6BD6D9D699B613EC95C77BD7 /* Pods_NIOMQTT.framework in Frameworks */,
			);
			runOnlyForDeploymentPostprocessing = 0;
		};
		057539D222B02AB000DE3B9D /* Frameworks */ = {
			isa = PBXFrameworksBuildPhase;
			buildActionMask = 2147483647;
			files = (
				057539D622B02AB000DE3B9D /* NIOMQTT.framework in Frameworks */,
				77C0490D2D3B768A09454CA9 /* Pods_NIOMQTTTests.framework in Frameworks */,
			);
			runOnlyForDeploymentPostprocessing = 0;
		};
/* End PBXFrameworksBuildPhase section */

/* Begin PBXGroup section */
		0507C3812319EA83000ACDA1 /* Client */ = {
			isa = PBXGroup;
			children = (
				0507C3822319EB26000ACDA1 /* Configuration.swift */,
				821515DB233FF808007A0955 /* ConnectionBackoff.swift */,
				059448B9233D3F97001C90B1 /* ConnectivityState.swift */,
				0505CF24231852CF00577414 /* MQTT.swift */,
				059448BB233D6884001C90B1 /* MQTTError.swift */,
				058629FA23282DD100669BD0 /* Session */,
			);
			path = Client;
			sourceTree = "<group>";
		};
		057539C222B02AB000DE3B9D = {
			isa = PBXGroup;
			children = (
				057539CE22B02AB000DE3B9D /* Sources */,
				057539D922B02AB000DE3B9D /* Tests */,
				057539CD22B02AB000DE3B9D /* Products */,
				FBC83BDC411A9E0EB0B3B4E8 /* Pods */,
				42428F38786FBEF5A79EFA9E /* Frameworks */,
			);
			sourceTree = "<group>";
		};
		057539CD22B02AB000DE3B9D /* Products */ = {
			isa = PBXGroup;
			children = (
				057539CC22B02AB000DE3B9D /* NIOMQTT.framework */,
				057539D522B02AB000DE3B9D /* NIOMQTTTests.xctest */,
			);
			name = Products;
			sourceTree = "<group>";
		};
		057539CE22B02AB000DE3B9D /* Sources */ = {
			isa = PBXGroup;
			children = (
				057539D022B02AB000DE3B9D /* Info.plist */,
				82DEEC3622FE1805002577DC /* ChannelHandlers */,
				0507C3812319EA83000ACDA1 /* Client */,
				05DD149922B2CF5C001D33A3 /* ControlPackets */,
				05DD149C22B2ED97001D33A3 /* DataTypes */,
			);
			path = Sources;
			sourceTree = "<group>";
		};
		057539D922B02AB000DE3B9D /* Tests */ = {
			isa = PBXGroup;
			children = (
				057539DC22B02AB000DE3B9D /* Info.plist */,
				8275557722E0F3620056D3B9 /* ByteBufferTestCase.swift */,
				826C9D802308AFBD00C7BAF9 /* DataTypeIOTests.swift */,
				82E52B8F2310CDD900D58DE2 /* ControlPacketTests */,
				82E52B892310309A00D58DE2 /* PacketComponentTests */,
			);
			path = Tests;
			sourceTree = "<group>";
		};
		058629FA23282DD100669BD0 /* Session */ = {
			isa = PBXGroup;
			children = (
				058629FB23282E0E00669BD0 /* Session.swift */,
				058629FD23282E3A00669BD0 /* Session+Action.swift */,
			);
			path = Session;
			sourceTree = "<group>";
		};
		05DD149922B2CF5C001D33A3 /* ControlPackets */ = {
			isa = PBXGroup;
			children = (
				826C9D782305629E00C7BAF9 /* ByteBuffer+ControlPacket.swift */,
				05F1982822E6CEFE006E3E37 /* ControlPacket.swift */,
				05F1982622E6CE29006E3E37 /* ControlPacketProtocol.swift */,
				05F1981322E634D7006E3E37 /* ControlPacketType.swift */,
				82E52B70230C795400D58DE2 /* AuthPacket */,
				05F1980E22E63397006E3E37 /* Common */,
				822A21AF22E57CCA00FC348C /* ConnAckPacket */,
				822A219D22E51C2100FC348C /* ConnectPacket */,
				82E52B69230C4BDF00D58DE2 /* DisconnectPacket */,
				05F1981122E63498006E3E37 /* PingReqPacket */,
				05F1981222E634A5006E3E37 /* PingRespPacket */,
				05F1981D22E65F69006E3E37 /* PubAckPacket */,
				829C82B222EE68BB0026F421 /* PubCompPacket */,
				05F1980D22E63377006E3E37 /* PublishPacket */,
				8284EF9722ED7B050063A72C /* PubRecPacket */,
				82ADF74422EE504600FB3D92 /* PubRelPacket */,
				05F52182230B5CC0005CE1BF /* SubAckPacket */,
				829C82B922EE6F2F0026F421 /* SubscribePacket */,
				05F52196230B74B4005CE1BF /* UnsubAckPacket */,
				05F5218B230B6A6D005CE1BF /* UnsubscribePacket */,
			);
			path = ControlPackets;
			sourceTree = "<group>";
		};
		05DD149C22B2ED97001D33A3 /* DataTypes */ = {
			isa = PBXGroup;
			children = (
				056A220F22B832C2000500C1 /* ByteBuffer+DataTypes.swift */,
				057C30B723020B4A0064E71D /* Data+Additions.swift */,
				82E52B87230E32FB00D58DE2 /* MQTTByteRepresentable.swift */,
				056A221122B841D5000500C1 /* MQTTCodingError.swift */,
				057C30B5230209820064E71D /* String+Additions.swift */,
				056A221322B85226000500C1 /* StringPair.swift */,
				82A71E44230A6EE90084EDC6 /* UInt+Additions.swift */,
				05DD149D22B2EDCF001D33A3 /* VInt.swift */,
			);
			path = DataTypes;
			sourceTree = "<group>";
		};
		05F1980D22E63377006E3E37 /* PublishPacket */ = {
			isa = PBXGroup;
			children = (
				057C30BF2304D3090064E71D /* ByteBuffer+PublishPacket.swift */,
				0533EBDC22B9707000500255 /* PublishPacket.swift */,
				05F1981B22E653D7006E3E37 /* PublishPacket+Payload.swift */,
				05F1981522E640C7006E3E37 /* PublishPacket+VariableHeader.swift */,
			);
			path = PublishPacket;
			sourceTree = "<group>";
		};
		05F1980E22E63397006E3E37 /* Common */ = {
			isa = PBXGroup;
			children = (
				82E52B7B230CEC3900D58DE2 /* ByteBuffer+PacketComponents.swift */,
				0533EBD822B8658E00500255 /* FixedHeader.swift */,
				826C9D7A2307772A00C7BAF9 /* FixedHeaderFlags.swift */,
				05F1980F22E63463006E3E37 /* QoS.swift */,
				822A21A222E51F9000FC348C /* Properties */,
			);
			path = Common;
			sourceTree = "<group>";
		};
		05F1981122E63498006E3E37 /* PingReqPacket */ = {
			isa = PBXGroup;
			children = (
				0533EBE422BC18E400500255 /* PingReqPacket.swift */,
			);
			path = PingReqPacket;
			sourceTree = "<group>";
		};
		05F1981222E634A5006E3E37 /* PingRespPacket */ = {
			isa = PBXGroup;
			children = (
				0533EBE622BC3E8B00500255 /* PingRespPacket.swift */,
			);
			path = PingRespPacket;
			sourceTree = "<group>";
		};
		05F1981D22E65F69006E3E37 /* PubAckPacket */ = {
			isa = PBXGroup;
			children = (
				057C30C12304D3240064E71D /* ByteBuffer+PubAckPacket.swift */,
				05F1982022E66415006E3E37 /* PubAckPacket.swift */,
				05F1982422E69182006E3E37 /* PubAckPacket+ReasonCode.swift */,
				05F1982222E690FF006E3E37 /* PubAckPacket+VariableHeader.swift */,
			);
			path = PubAckPacket;
			sourceTree = "<group>";
		};
		05F52182230B5CC0005CE1BF /* SubAckPacket */ = {
			isa = PBXGroup;
			children = (
				82E52B79230CC59B00D58DE2 /* ByteBuffer+SubAckPacket.swift */,
				05F52189230B60AA005CE1BF /* SubAckPacket+ReasonCode.swift */,
				05F52183230B5CE3005CE1BF /* SubAckPacket.swift */,
				05F52185230B5D97005CE1BF /* SubAckPacket+Payload.swift */,
				05F52187230B5DA6005CE1BF /* SubAckPacket+VariableHeader.swift */,
			);
			path = SubAckPacket;
			sourceTree = "<group>";
		};
		05F5218B230B6A6D005CE1BF /* UnsubscribePacket */ = {
			isa = PBXGroup;
			children = (
				0505CF202317517C00577414 /* ByteBuffer+UnsubscribePacket.swift */,
				05F5218C230B6ACF005CE1BF /* UnsubscribePacket.swift */,
				05F5218E230B6C7F005CE1BF /* UnsubscribePacketPacket+Payload.swift */,
				05F52190230B6C81005CE1BF /* UnsubscribePacketPacket+VariableHeader.swift */,
			);
			path = UnsubscribePacket;
			sourceTree = "<group>";
		};
		05F52196230B74B4005CE1BF /* UnsubAckPacket */ = {
			isa = PBXGroup;
			children = (
				82E52B7F230DE03900D58DE2 /* ByteBuffer+UnsubAckPacket.swift */,
				05F5219D230B7768005CE1BF /* UnsubAckPacket+ReasonCode.swift */,
				05F52197230B757F005CE1BF /* UnsubAckPacket.swift */,
				05F52199230B76D9005CE1BF /* UnsubAckPacket+Payload.swift */,
				05F5219B230B76EA005CE1BF /* UnsubAckPacket+VariableHeader.swift */,
			);
			path = UnsubAckPacket;
			sourceTree = "<group>";
		};
		42428F38786FBEF5A79EFA9E /* Frameworks */ = {
			isa = PBXGroup;
			children = (
				A4AD06D20CAEFF579204A014 /* Pods_NIOMQTT.framework */,
				1DFB956395817261FCE7D27A /* Pods_NIOMQTTTests.framework */,
			);
			name = Frameworks;
			sourceTree = "<group>";
		};
		4EEACB4D233039AA00828663 /* FixedHeaderTests */ = {
			isa = PBXGroup;
			children = (
				4EEACB4E233039BF00828663 /* FixedHeaderIOTests.swift */,
			);
			path = FixedHeaderTests;
			sourceTree = "<group>";
		};
		822A219D22E51C2100FC348C /* ConnectPacket */ = {
			isa = PBXGroup;
			children = (
				82E52B85230E140B00D58DE2 /* ByteBuffer+ConnectPacket.swift */,
				0533EBDE22B9743500500255 /* ConnectPacket.swift */,
				822A21AD22E524A800FC348C /* ConnectPacket+Payload.swift */,
				822A21A022E51C6900FC348C /* ConnectPacket+VariableHeader.swift */,
				05F1981722E645C1006E3E37 /* ConnectPacket+ReasonCode.swift */,
			);
			path = ConnectPacket;
			sourceTree = "<group>";
		};
		822A21A222E51F9000FC348C /* Properties */ = {
			isa = PBXGroup;
			children = (
				05A290242301416C0046E952 /* ByteBuffer+Property.swift */,
				822A21A522E5221C00FC348C /* HasProperties.swift */,
				0533EBE222B987C900500255 /* Property.swift */,
				826C9D7C2307B1B000C7BAF9 /* PropertyCollection.swift */,
				822A21A922E5230400FC348C /* PropertyIdentifier.swift */,
			);
			path = Properties;
			sourceTree = "<group>";
		};
		822A21AF22E57CCA00FC348C /* ConnAckPacket */ = {
			isa = PBXGroup;
			children = (
				057C30BD2304C2BB0064E71D /* ByteBuffer+ConnAckPacket.swift */,
				05F1981E22E6603E006E3E37 /* ConnAckPacket.swift */,
				822A21B222E57CEB00FC348C /* ConnackPacket+VariableHeader.swift */,
			);
			path = ConnAckPacket;
			sourceTree = "<group>";
		};
		8284EF9722ED7B050063A72C /* PubRecPacket */ = {
			isa = PBXGroup;
			children = (
				057C30C32304D3660064E71D /* ByteBuffer+PubRecPacket.swift */,
				8284EF9C22ED7BFB0063A72C /* PubRecPacket.swift */,
				8284EFA622EE15460063A72C /* PubRecPacket+ReasonCode.swift */,
				8284EFA222EE115A0063A72C /* PubRecPacket+VariableHeader.swift */,
			);
			path = PubRecPacket;
			sourceTree = "<group>";
		};
		829C82B222EE68BB0026F421 /* PubCompPacket */ = {
			isa = PBXGroup;
			children = (
				057C30C72304D3910064E71D /* ByteBuffer+PubCompPacket.swift */,
				829C82B422EE68D00026F421 /* PubCompPacket.swift */,
				829C82B522EE68D00026F421 /* PubCompPacket+ReasonCode.swift */,
				829C82B322EE68D00026F421 /* PubCompPacket+VariableHeader.swift */,
			);
			path = PubCompPacket;
			sourceTree = "<group>";
		};
		829C82B922EE6F2F0026F421 /* SubscribePacket */ = {
			isa = PBXGroup;
			children = (
				0505CF1E231732DE00577414 /* ByteBuffer+SubscribePacket.swift */,
				829C82BA22EE6F480026F421 /* SubscribePacket.swift */,
				05F52192230B6CB3005CE1BF /* SubscribePacket+Payload.swift */,
				05F52193230B6CB3005CE1BF /* SubscribePacket+VariableHeader.swift */,
			);
			path = SubscribePacket;
			sourceTree = "<group>";
		};
		82ADF74422EE504600FB3D92 /* PubRelPacket */ = {
			isa = PBXGroup;
			children = (
				057C30C52304D37D0064E71D /* ByteBuffer+PubRelPacket.swift */,
				82ADF74722EE519200FB3D92 /* PubRelPacket.swift */,
				822FDADD22EE604200631F39 /* PubRelPacket+VariableHeader.swift */,
				822FDADB22EE5FA900631F39 /* PubRelPacket+ReasonCode.swift */,
			);
			path = PubRelPacket;
			sourceTree = "<group>";
		};
		82DEEC3622FE1805002577DC /* ChannelHandlers */ = {
			isa = PBXGroup;
			children = (
				82DEEC3B22FE2E9F002577DC /* ControlPacketDecoder.swift */,
				0505CF2223184C9600577414 /* ControlPacketEncoder.swift */,
				055790B8232038F000D4C5DB /* KeepAliveHandler.swift */,
				82A7BDD6231CE72500F61345 /* LoggingHandler.swift */,
				051324232322F6BF006DA885 /* MQTTChannelHandler.swift */,
			);
			path = ChannelHandlers;
			sourceTree = "<group>";
		};
		82E52B69230C4BDF00D58DE2 /* DisconnectPacket */ = {
			isa = PBXGroup;
			children = (
				82E52B81230DE18F00D58DE2 /* ByteBuffer+DisconnectPacket.swift */,
				82E52B6E230C4EAC00D58DE2 /* DisconnectPacket+ReasonCode.swift */,
				82E52B6A230C4C0F00D58DE2 /* DisconnectPacket.swift */,
				82E52B6C230C4E4D00D58DE2 /* DisconnectPacket+VariableHeader.swift */,
			);
			path = DisconnectPacket;
			sourceTree = "<group>";
		};
		82E52B70230C795400D58DE2 /* AuthPacket */ = {
			isa = PBXGroup;
			children = (
				82E52B83230DE21900D58DE2 /* ByteBuffer+AuthPacket.swift */,
				82E52B75230C7A3D00D58DE2 /* AuthPacket+ReasonCode.swift */,
				82E52B71230C797200D58DE2 /* AuthPacket.swift */,
				82E52B73230C79B000D58DE2 /* AuthPacket+VariableHeader.swift */,
			);
			path = AuthPacket;
			sourceTree = "<group>";
		};
		82E52B892310309A00D58DE2 /* PacketComponentTests */ = {
			isa = PBXGroup;
			children = (
				82E52B7D230DC5DA00D58DE2 /* PacketComponentIOTests.swift */,
				82E52B8A231030B300D58DE2 /* PropertyTests */,
			);
			path = PacketComponentTests;
			sourceTree = "<group>";
		};
		82E52B8A231030B300D58DE2 /* PropertyTests */ = {
			isa = PBXGroup;
			children = (
				82E52B8B231057EF00D58DE2 /* PropertyCollectionTests.swift */,
				826C9D7E2308AEAE00C7BAF9 /* PropertyTests.swift */,
			);
			path = PropertyTests;
			sourceTree = "<group>";
		};
		82E52B8F2310CDD900D58DE2 /* ControlPacketTests */ = {
			isa = PBXGroup;
			children = (
				4EEACB4D233039AA00828663 /* FixedHeaderTests */,
				82E52B922311BA4700D58DE2 /* ConnectPacketTests */,
			);
			path = ControlPacketTests;
			sourceTree = "<group>";
		};
		82E52B922311BA4700D58DE2 /* ConnectPacketTests */ = {
			isa = PBXGroup;
			children = (
				82E52B952312D85700D58DE2 /* ConnectPacketIOTests.swift */,
				82E52B902311BA4100D58DE2 /* ConnectPacketTests.swift */,
			);
			path = ConnectPacketTests;
			sourceTree = "<group>";
		};
		FBC83BDC411A9E0EB0B3B4E8 /* Pods */ = {
			isa = PBXGroup;
			children = (
				276633216507771EE9D29816 /* Pods-SwiftNIOMQTT.debug.xcconfig */,
				63A789DCAF03F7B3EF69CE0C /* Pods-SwiftNIOMQTT.release.xcconfig */,
				EBDDB21A4BF5BA254B8D8E84 /* Pods-SwiftNIOMQTTTests.debug.xcconfig */,
				0BD3180A009A1BE7C5BE02B3 /* Pods-SwiftNIOMQTTTests.release.xcconfig */,
				732F5CB566770EA0A313DE9E /* Pods-NIOMQTT.debug.xcconfig */,
				A8B76751CF124B5E5C69608E /* Pods-NIOMQTT.release.xcconfig */,
				EB1F0597360D71B7E2533801 /* Pods-NIOMQTTTests.debug.xcconfig */,
				88219A7FD11656CB7D62006A /* Pods-NIOMQTTTests.release.xcconfig */,
			);
			path = Pods;
			sourceTree = "<group>";
		};
/* End PBXGroup section */

/* Begin PBXHeadersBuildPhase section */
		057539C722B02AB000DE3B9D /* Headers */ = {
			isa = PBXHeadersBuildPhase;
			buildActionMask = 2147483647;
			files = (
			);
			runOnlyForDeploymentPostprocessing = 0;
		};
/* End PBXHeadersBuildPhase section */

/* Begin PBXNativeTarget section */
		057539CB22B02AB000DE3B9D /* NIOMQTT */ = {
			isa = PBXNativeTarget;
			buildConfigurationList = 057539E022B02AB000DE3B9D /* Build configuration list for PBXNativeTarget "NIOMQTT" */;
			buildPhases = (
				7F66AD5D994D49A0628F19EA /* [CP] Check Pods Manifest.lock */,
				057539C722B02AB000DE3B9D /* Headers */,
				828E488C22E00C2B00E7AD60 /* SwiftLint */,
				057539C822B02AB000DE3B9D /* Sources */,
				057539C922B02AB000DE3B9D /* Frameworks */,
				057539CA22B02AB000DE3B9D /* Resources */,
			);
			buildRules = (
			);
			dependencies = (
			);
			name = NIOMQTT;
			productName = SwiftNIOMQTT;
			productReference = 057539CC22B02AB000DE3B9D /* NIOMQTT.framework */;
			productType = "com.apple.product-type.framework";
		};
		057539D422B02AB000DE3B9D /* NIOMQTTTests */ = {
			isa = PBXNativeTarget;
			buildConfigurationList = 057539E322B02AB000DE3B9D /* Build configuration list for PBXNativeTarget "NIOMQTTTests" */;
			buildPhases = (
				10F0F8D9931BDB363ED24772 /* [CP] Check Pods Manifest.lock */,
				057539D122B02AB000DE3B9D /* Sources */,
				057539D222B02AB000DE3B9D /* Frameworks */,
				057539D322B02AB000DE3B9D /* Resources */,
				356CD86B35C217300DD16E0A /* [CP] Embed Pods Frameworks */,
			);
			buildRules = (
			);
			dependencies = (
				057539D822B02AB000DE3B9D /* PBXTargetDependency */,
			);
			name = NIOMQTTTests;
			productName = SwiftNIOMQTTTests;
			productReference = 057539D522B02AB000DE3B9D /* NIOMQTTTests.xctest */;
			productType = "com.apple.product-type.bundle.unit-test";
		};
/* End PBXNativeTarget section */

/* Begin PBXProject section */
		057539C322B02AB000DE3B9D /* Project object */ = {
			isa = PBXProject;
			attributes = {
				LastSwiftUpdateCheck = 1020;
				LastUpgradeCheck = 1020;
				ORGANIZATIONNAME = "HealthTap Inc.";
				TargetAttributes = {
					057539CB22B02AB000DE3B9D = {
						CreatedOnToolsVersion = 10.2.1;
						LastSwiftMigration = 1020;
					};
					057539D422B02AB000DE3B9D = {
						CreatedOnToolsVersion = 10.2.1;
					};
				};
			};
			buildConfigurationList = 057539C622B02AB000DE3B9D /* Build configuration list for PBXProject "SwiftNIOMQTT" */;
			compatibilityVersion = "Xcode 9.3";
			developmentRegion = en;
			hasScannedForEncodings = 0;
			knownRegions = (
				en,
				Base,
			);
			mainGroup = 057539C222B02AB000DE3B9D;
			productRefGroup = 057539CD22B02AB000DE3B9D /* Products */;
			projectDirPath = "";
			projectRoot = "";
			targets = (
				057539CB22B02AB000DE3B9D /* NIOMQTT */,
				057539D422B02AB000DE3B9D /* NIOMQTTTests */,
			);
		};
/* End PBXProject section */

/* Begin PBXResourcesBuildPhase section */
		057539CA22B02AB000DE3B9D /* Resources */ = {
			isa = PBXResourcesBuildPhase;
			buildActionMask = 2147483647;
			files = (
			);
			runOnlyForDeploymentPostprocessing = 0;
		};
		057539D322B02AB000DE3B9D /* Resources */ = {
			isa = PBXResourcesBuildPhase;
			buildActionMask = 2147483647;
			files = (
			);
			runOnlyForDeploymentPostprocessing = 0;
		};
/* End PBXResourcesBuildPhase section */

/* Begin PBXShellScriptBuildPhase section */
		10F0F8D9931BDB363ED24772 /* [CP] Check Pods Manifest.lock */ = {
			isa = PBXShellScriptBuildPhase;
			buildActionMask = 2147483647;
			files = (
			);
			inputFileListPaths = (
			);
			inputPaths = (
				"${PODS_PODFILE_DIR_PATH}/Podfile.lock",
				"${PODS_ROOT}/Manifest.lock",
			);
			name = "[CP] Check Pods Manifest.lock";
			outputFileListPaths = (
			);
			outputPaths = (
				"$(DERIVED_FILE_DIR)/Pods-NIOMQTTTests-checkManifestLockResult.txt",
			);
			runOnlyForDeploymentPostprocessing = 0;
			shellPath = /bin/sh;
			shellScript = "diff \"${PODS_PODFILE_DIR_PATH}/Podfile.lock\" \"${PODS_ROOT}/Manifest.lock\" > /dev/null\nif [ $? != 0 ] ; then\n    # print error to STDERR\n    echo \"error: The sandbox is not in sync with the Podfile.lock. Run 'pod install' or update your CocoaPods installation.\" >&2\n    exit 1\nfi\n# This output is used by Xcode 'outputs' to avoid re-running this script phase.\necho \"SUCCESS\" > \"${SCRIPT_OUTPUT_FILE_0}\"\n";
			showEnvVarsInLog = 0;
		};
		356CD86B35C217300DD16E0A /* [CP] Embed Pods Frameworks */ = {
			isa = PBXShellScriptBuildPhase;
			buildActionMask = 2147483647;
			files = (
			);
			inputFileListPaths = (
				"${PODS_ROOT}/Target Support Files/Pods-NIOMQTTTests/Pods-NIOMQTTTests-frameworks-${CONFIGURATION}-input-files.xcfilelist",
			);
			name = "[CP] Embed Pods Frameworks";
			outputFileListPaths = (
				"${PODS_ROOT}/Target Support Files/Pods-NIOMQTTTests/Pods-NIOMQTTTests-frameworks-${CONFIGURATION}-output-files.xcfilelist",
			);
			runOnlyForDeploymentPostprocessing = 0;
			shellPath = /bin/sh;
			shellScript = "\"${PODS_ROOT}/Target Support Files/Pods-NIOMQTTTests/Pods-NIOMQTTTests-frameworks.sh\"\n";
			showEnvVarsInLog = 0;
		};
		7F66AD5D994D49A0628F19EA /* [CP] Check Pods Manifest.lock */ = {
			isa = PBXShellScriptBuildPhase;
			buildActionMask = 2147483647;
			files = (
			);
			inputFileListPaths = (
			);
			inputPaths = (
				"${PODS_PODFILE_DIR_PATH}/Podfile.lock",
				"${PODS_ROOT}/Manifest.lock",
			);
			name = "[CP] Check Pods Manifest.lock";
			outputFileListPaths = (
			);
			outputPaths = (
				"$(DERIVED_FILE_DIR)/Pods-NIOMQTT-checkManifestLockResult.txt",
			);
			runOnlyForDeploymentPostprocessing = 0;
			shellPath = /bin/sh;
			shellScript = "diff \"${PODS_PODFILE_DIR_PATH}/Podfile.lock\" \"${PODS_ROOT}/Manifest.lock\" > /dev/null\nif [ $? != 0 ] ; then\n    # print error to STDERR\n    echo \"error: The sandbox is not in sync with the Podfile.lock. Run 'pod install' or update your CocoaPods installation.\" >&2\n    exit 1\nfi\n# This output is used by Xcode 'outputs' to avoid re-running this script phase.\necho \"SUCCESS\" > \"${SCRIPT_OUTPUT_FILE_0}\"\n";
			showEnvVarsInLog = 0;
		};
		828E488C22E00C2B00E7AD60 /* SwiftLint */ = {
			isa = PBXShellScriptBuildPhase;
			buildActionMask = 2147483647;
			files = (
			);
			inputFileListPaths = (
			);
			inputPaths = (
			);
			name = SwiftLint;
			outputFileListPaths = (
			);
			outputPaths = (
			);
			runOnlyForDeploymentPostprocessing = 0;
			shellPath = /bin/sh;
			shellScript = "if which swiftlint >/dev/null; then\nswiftlint\nelse\necho \"warning: SwiftLint not installed, download from https://github.com/realm/SwiftLint\"\nfi\n";
		};
/* End PBXShellScriptBuildPhase section */

/* Begin PBXSourcesBuildPhase section */
		057539C822B02AB000DE3B9D /* Sources */ = {
			isa = PBXSourcesBuildPhase;
			buildActionMask = 2147483647;
			files = (
				05F52198230B757F005CE1BF /* UnsubAckPacket.swift in Sources */,
				82E52B6F230C4EAC00D58DE2 /* DisconnectPacket+ReasonCode.swift in Sources */,
				82E52B7A230CC59B00D58DE2 /* ByteBuffer+SubAckPacket.swift in Sources */,
				82E52B74230C79B000D58DE2 /* AuthPacket+VariableHeader.swift in Sources */,
				0533EBDD22B9707000500255 /* PublishPacket.swift in Sources */,
				82E52B6D230C4E4D00D58DE2 /* DisconnectPacket+VariableHeader.swift in Sources */,
				0505CF25231852CF00577414 /* MQTT.swift in Sources */,
				057C30B823020B4A0064E71D /* Data+Additions.swift in Sources */,
				05F52191230B6C81005CE1BF /* UnsubscribePacketPacket+VariableHeader.swift in Sources */,
				8284EFA322EE115A0063A72C /* PubRecPacket+VariableHeader.swift in Sources */,
				05F1981422E634D7006E3E37 /* ControlPacketType.swift in Sources */,
				056A221022B832C2000500C1 /* ByteBuffer+DataTypes.swift in Sources */,
				057C30C82304D3910064E71D /* ByteBuffer+PubCompPacket.swift in Sources */,
				05F1982122E66415006E3E37 /* PubAckPacket.swift in Sources */,
				829C82B822EE68DD0026F421 /* PubCompPacket+VariableHeader.swift in Sources */,
				05F1982522E69182006E3E37 /* PubAckPacket+ReasonCode.swift in Sources */,
				05F1982722E6CE29006E3E37 /* ControlPacketProtocol.swift in Sources */,
				05F5219A230B76D9005CE1BF /* UnsubAckPacket+Payload.swift in Sources */,
				057C30C62304D37D0064E71D /* ByteBuffer+PubRelPacket.swift in Sources */,
				82E52B84230DE21900D58DE2 /* ByteBuffer+AuthPacket.swift in Sources */,
				05F52184230B5CE3005CE1BF /* SubAckPacket.swift in Sources */,
				05F1982922E6CEFE006E3E37 /* ControlPacket.swift in Sources */,
				057C30C02304D3090064E71D /* ByteBuffer+PublishPacket.swift in Sources */,
				057C30BE2304C2BB0064E71D /* ByteBuffer+ConnAckPacket.swift in Sources */,
				82E52B6B230C4C0F00D58DE2 /* DisconnectPacket.swift in Sources */,
				0533EBE322B987C900500255 /* Property.swift in Sources */,
				0507C3832319EB26000ACDA1 /* Configuration.swift in Sources */,
				0533EBDF22B9743500500255 /* ConnectPacket.swift in Sources */,
				82DEEC3C22FE2E9F002577DC /* ControlPacketDecoder.swift in Sources */,
				056A221222B841D5000500C1 /* MQTTCodingError.swift in Sources */,
				057C30B6230209820064E71D /* String+Additions.swift in Sources */,
				05F5219E230B7768005CE1BF /* UnsubAckPacket+ReasonCode.swift in Sources */,
				0533EBE522BC18E400500255 /* PingReqPacket.swift in Sources */,
				82E52B88230E32FB00D58DE2 /* MQTTByteRepresentable.swift in Sources */,
				059448BA233D3F97001C90B1 /* ConnectivityState.swift in Sources */,
				826C9D7B2307772A00C7BAF9 /* FixedHeaderFlags.swift in Sources */,
				05F1981C22E653D7006E3E37 /* PublishPacket+Payload.swift in Sources */,
				0533EBD922B8658E00500255 /* FixedHeader.swift in Sources */,
				05F52194230B6CB3005CE1BF /* SubscribePacket+Payload.swift in Sources */,
				82E52B86230E140B00D58DE2 /* ByteBuffer+ConnectPacket.swift in Sources */,
				058629FE23282E3A00669BD0 /* Session+Action.swift in Sources */,
				822A21A122E51C6900FC348C /* ConnectPacket+VariableHeader.swift in Sources */,
				05F52186230B5D97005CE1BF /* SubAckPacket+Payload.swift in Sources */,
				05DD149E22B2EDCF001D33A3 /* VInt.swift in Sources */,
				05A290252301416C0046E952 /* ByteBuffer+Property.swift in Sources */,
				822A21AA22E5230400FC348C /* PropertyIdentifier.swift in Sources */,
				0505CF1F231732DE00577414 /* ByteBuffer+SubscribePacket.swift in Sources */,
				82E52B80230DE03900D58DE2 /* ByteBuffer+UnsubAckPacket.swift in Sources */,
				05F1981622E640C7006E3E37 /* PublishPacket+VariableHeader.swift in Sources */,
				829C82B622EE68D70026F421 /* PubCompPacket.swift in Sources */,
				82E52B7C230CEC3900D58DE2 /* ByteBuffer+PacketComponents.swift in Sources */,
				051324242322F6BF006DA885 /* MQTTChannelHandler.swift in Sources */,
				821515DC233FF808007A0955 /* ConnectionBackoff.swift in Sources */,
				055790B9232038F000D4C5DB /* KeepAliveHandler.swift in Sources */,
				8284EF9D22ED7BFB0063A72C /* PubRecPacket.swift in Sources */,
				82E52B72230C797200D58DE2 /* AuthPacket.swift in Sources */,
				826C9D792305629E00C7BAF9 /* ByteBuffer+ControlPacket.swift in Sources */,
				05F5218F230B6C7F005CE1BF /* UnsubscribePacketPacket+Payload.swift in Sources */,
				05F1982322E690FF006E3E37 /* PubAckPacket+VariableHeader.swift in Sources */,
				82A71E45230A6EE90084EDC6 /* UInt+Additions.swift in Sources */,
				05F52188230B5DA6005CE1BF /* SubAckPacket+VariableHeader.swift in Sources */,
				826C9D7D2307B1B000C7BAF9 /* PropertyCollection.swift in Sources */,
				059448BC233D6884001C90B1 /* MQTTError.swift in Sources */,
				82E52B76230C7A3D00D58DE2 /* AuthPacket+ReasonCode.swift in Sources */,
				05F5219C230B76EA005CE1BF /* UnsubAckPacket+VariableHeader.swift in Sources */,
				056A221422B85226000500C1 /* StringPair.swift in Sources */,
				829C82B722EE68DA0026F421 /* PubCompPacket+ReasonCode.swift in Sources */,
				822A21B522E5819000FC348C /* ConnackPacket+VariableHeader.swift in Sources */,
				8284EFA722EE15460063A72C /* PubRecPacket+ReasonCode.swift in Sources */,
				0505CF2323184C9600577414 /* ControlPacketEncoder.swift in Sources */,
				829C82BB22EE6F4A0026F421 /* SubscribePacket.swift in Sources */,
				82ADF74822EE519200FB3D92 /* PubRelPacket.swift in Sources */,
				05F5218D230B6ACF005CE1BF /* UnsubscribePacket.swift in Sources */,
				057C30C42304D3660064E71D /* ByteBuffer+PubRecPacket.swift in Sources */,
				82E52B82230DE18F00D58DE2 /* ByteBuffer+DisconnectPacket.swift in Sources */,
				05F1981F22E6603E006E3E37 /* ConnAckPacket.swift in Sources */,
				0505CF212317517C00577414 /* ByteBuffer+UnsubscribePacket.swift in Sources */,
				058629FC23282E0E00669BD0 /* Session.swift in Sources */,
				82A7BDD7231CE72500F61345 /* LoggingHandler.swift in Sources */,
				822A21A622E5221C00FC348C /* HasProperties.swift in Sources */,
				05F1981822E645C1006E3E37 /* ConnectPacket+ReasonCode.swift in Sources */,
				822A21AE22E524A800FC348C /* ConnectPacket+Payload.swift in Sources */,
				05F5218A230B60AA005CE1BF /* SubAckPacket+ReasonCode.swift in Sources */,
				822FDADE22EE604200631F39 /* PubRelPacket+VariableHeader.swift in Sources */,
				0533EBE722BC3E8B00500255 /* PingRespPacket.swift in Sources */,
				05F1981022E63463006E3E37 /* QoS.swift in Sources */,
				057C30C22304D3240064E71D /* ByteBuffer+PubAckPacket.swift in Sources */,
				822FDADC22EE5FA900631F39 /* PubRelPacket+ReasonCode.swift in Sources */,
				05F52195230B6CB3005CE1BF /* SubscribePacket+VariableHeader.swift in Sources */,
			);
			runOnlyForDeploymentPostprocessing = 0;
		};
		057539D122B02AB000DE3B9D /* Sources */ = {
			isa = PBXSourcesBuildPhase;
			buildActionMask = 2147483647;
			files = (
				82B600A122E133E400E1FF7B /* ByteBufferTestCase.swift in Sources */,
				826C9D7F2308AEAF00C7BAF9 /* PropertyTests.swift in Sources */,
				82E52B942311BB4600D58DE2 /* ConnectPacketTests.swift in Sources */,
				82E52B962312D85700D58DE2 /* ConnectPacketIOTests.swift in Sources */,
				826C9D812308AFBD00C7BAF9 /* DataTypeIOTests.swift in Sources */,
				82E52B7E230DC5DA00D58DE2 /* PacketComponentIOTests.swift in Sources */,
				82E52B8E2310589300D58DE2 /* PropertyCollectionTests.swift in Sources */,
				4EEACB50233039C900828663 /* FixedHeaderIOTests.swift in Sources */,
			);
			runOnlyForDeploymentPostprocessing = 0;
		};
/* End PBXSourcesBuildPhase section */

/* Begin PBXTargetDependency section */
		057539D822B02AB000DE3B9D /* PBXTargetDependency */ = {
			isa = PBXTargetDependency;
			target = 057539CB22B02AB000DE3B9D /* NIOMQTT */;
			targetProxy = 057539D722B02AB000DE3B9D /* PBXContainerItemProxy */;
		};
/* End PBXTargetDependency section */

/* Begin XCBuildConfiguration section */
		057539DE22B02AB000DE3B9D /* Debug */ = {
			isa = XCBuildConfiguration;
			buildSettings = {
				ALWAYS_SEARCH_USER_PATHS = NO;
				CLANG_ANALYZER_NONNULL = YES;
				CLANG_ANALYZER_NUMBER_OBJECT_CONVERSION = YES_AGGRESSIVE;
				CLANG_CXX_LANGUAGE_STANDARD = "gnu++14";
				CLANG_CXX_LIBRARY = "libc++";
				CLANG_ENABLE_MODULES = YES;
				CLANG_ENABLE_OBJC_ARC = YES;
				CLANG_ENABLE_OBJC_WEAK = YES;
				CLANG_WARN_BLOCK_CAPTURE_AUTORELEASING = YES;
				CLANG_WARN_BOOL_CONVERSION = YES;
				CLANG_WARN_COMMA = YES;
				CLANG_WARN_CONSTANT_CONVERSION = YES;
				CLANG_WARN_DEPRECATED_OBJC_IMPLEMENTATIONS = YES;
				CLANG_WARN_DIRECT_OBJC_ISA_USAGE = YES_ERROR;
				CLANG_WARN_DOCUMENTATION_COMMENTS = YES;
				CLANG_WARN_EMPTY_BODY = YES;
				CLANG_WARN_ENUM_CONVERSION = YES;
				CLANG_WARN_INFINITE_RECURSION = YES;
				CLANG_WARN_INT_CONVERSION = YES;
				CLANG_WARN_NON_LITERAL_NULL_CONVERSION = YES;
				CLANG_WARN_OBJC_IMPLICIT_RETAIN_SELF = YES;
				CLANG_WARN_OBJC_LITERAL_CONVERSION = YES;
				CLANG_WARN_OBJC_ROOT_CLASS = YES_ERROR;
				CLANG_WARN_RANGE_LOOP_ANALYSIS = YES;
				CLANG_WARN_STRICT_PROTOTYPES = YES;
				CLANG_WARN_SUSPICIOUS_MOVE = YES;
				CLANG_WARN_UNGUARDED_AVAILABILITY = YES_AGGRESSIVE;
				CLANG_WARN_UNREACHABLE_CODE = YES;
				CLANG_WARN__DUPLICATE_METHOD_MATCH = YES;
				CODE_SIGN_IDENTITY = "iPhone Developer";
				COPY_PHASE_STRIP = NO;
				CURRENT_PROJECT_VERSION = 1;
				DEBUG_INFORMATION_FORMAT = dwarf;
				ENABLE_STRICT_OBJC_MSGSEND = YES;
				ENABLE_TESTABILITY = YES;
				GCC_C_LANGUAGE_STANDARD = gnu11;
				GCC_DYNAMIC_NO_PIC = NO;
				GCC_NO_COMMON_BLOCKS = YES;
				GCC_OPTIMIZATION_LEVEL = 0;
				GCC_PREPROCESSOR_DEFINITIONS = (
					"DEBUG=1",
					"$(inherited)",
				);
				GCC_WARN_64_TO_32_BIT_CONVERSION = YES;
				GCC_WARN_ABOUT_RETURN_TYPE = YES_ERROR;
				GCC_WARN_UNDECLARED_SELECTOR = YES;
				GCC_WARN_UNINITIALIZED_AUTOS = YES_AGGRESSIVE;
				GCC_WARN_UNUSED_FUNCTION = YES;
				GCC_WARN_UNUSED_VARIABLE = YES;
				IPHONEOS_DEPLOYMENT_TARGET = 12.0;
				MTL_ENABLE_DEBUG_INFO = INCLUDE_SOURCE;
				MTL_FAST_MATH = YES;
				ONLY_ACTIVE_ARCH = YES;
				SDKROOT = iphoneos;
				SWIFT_ACTIVE_COMPILATION_CONDITIONS = DEBUG;
				SWIFT_OPTIMIZATION_LEVEL = "-Onone";
				VERSIONING_SYSTEM = "apple-generic";
				VERSION_INFO_PREFIX = "";
			};
			name = Debug;
		};
		057539DF22B02AB000DE3B9D /* Release */ = {
			isa = XCBuildConfiguration;
			buildSettings = {
				ALWAYS_SEARCH_USER_PATHS = NO;
				CLANG_ANALYZER_NONNULL = YES;
				CLANG_ANALYZER_NUMBER_OBJECT_CONVERSION = YES_AGGRESSIVE;
				CLANG_CXX_LANGUAGE_STANDARD = "gnu++14";
				CLANG_CXX_LIBRARY = "libc++";
				CLANG_ENABLE_MODULES = YES;
				CLANG_ENABLE_OBJC_ARC = YES;
				CLANG_ENABLE_OBJC_WEAK = YES;
				CLANG_WARN_BLOCK_CAPTURE_AUTORELEASING = YES;
				CLANG_WARN_BOOL_CONVERSION = YES;
				CLANG_WARN_COMMA = YES;
				CLANG_WARN_CONSTANT_CONVERSION = YES;
				CLANG_WARN_DEPRECATED_OBJC_IMPLEMENTATIONS = YES;
				CLANG_WARN_DIRECT_OBJC_ISA_USAGE = YES_ERROR;
				CLANG_WARN_DOCUMENTATION_COMMENTS = YES;
				CLANG_WARN_EMPTY_BODY = YES;
				CLANG_WARN_ENUM_CONVERSION = YES;
				CLANG_WARN_INFINITE_RECURSION = YES;
				CLANG_WARN_INT_CONVERSION = YES;
				CLANG_WARN_NON_LITERAL_NULL_CONVERSION = YES;
				CLANG_WARN_OBJC_IMPLICIT_RETAIN_SELF = YES;
				CLANG_WARN_OBJC_LITERAL_CONVERSION = YES;
				CLANG_WARN_OBJC_ROOT_CLASS = YES_ERROR;
				CLANG_WARN_RANGE_LOOP_ANALYSIS = YES;
				CLANG_WARN_STRICT_PROTOTYPES = YES;
				CLANG_WARN_SUSPICIOUS_MOVE = YES;
				CLANG_WARN_UNGUARDED_AVAILABILITY = YES_AGGRESSIVE;
				CLANG_WARN_UNREACHABLE_CODE = YES;
				CLANG_WARN__DUPLICATE_METHOD_MATCH = YES;
				CODE_SIGN_IDENTITY = "iPhone Developer";
				COPY_PHASE_STRIP = NO;
				CURRENT_PROJECT_VERSION = 1;
				DEBUG_INFORMATION_FORMAT = "dwarf-with-dsym";
				ENABLE_NS_ASSERTIONS = NO;
				ENABLE_STRICT_OBJC_MSGSEND = YES;
				GCC_C_LANGUAGE_STANDARD = gnu11;
				GCC_NO_COMMON_BLOCKS = YES;
				GCC_WARN_64_TO_32_BIT_CONVERSION = YES;
				GCC_WARN_ABOUT_RETURN_TYPE = YES_ERROR;
				GCC_WARN_UNDECLARED_SELECTOR = YES;
				GCC_WARN_UNINITIALIZED_AUTOS = YES_AGGRESSIVE;
				GCC_WARN_UNUSED_FUNCTION = YES;
				GCC_WARN_UNUSED_VARIABLE = YES;
				IPHONEOS_DEPLOYMENT_TARGET = 12.0;
				MTL_ENABLE_DEBUG_INFO = NO;
				MTL_FAST_MATH = YES;
				SDKROOT = iphoneos;
				SWIFT_COMPILATION_MODE = wholemodule;
				SWIFT_OPTIMIZATION_LEVEL = "-O";
				VALIDATE_PRODUCT = YES;
				VERSIONING_SYSTEM = "apple-generic";
				VERSION_INFO_PREFIX = "";
			};
			name = Release;
		};
		057539E122B02AB000DE3B9D /* Debug */ = {
			isa = XCBuildConfiguration;
			baseConfigurationReference = 732F5CB566770EA0A313DE9E /* Pods-NIOMQTT.debug.xcconfig */;
			buildSettings = {
				CLANG_ENABLE_MODULES = YES;
				CODE_SIGN_IDENTITY = "";
				CODE_SIGN_STYLE = Manual;
				DEFINES_MODULE = YES;
				DEVELOPMENT_TEAM = "";
				DYLIB_COMPATIBILITY_VERSION = 1;
				DYLIB_CURRENT_VERSION = 1;
				DYLIB_INSTALL_NAME_BASE = "@rpath";
				INFOPLIST_FILE = "$(SRCROOT)/Sources/Info.plist";
				INSTALL_PATH = "$(LOCAL_LIBRARY_DIR)/Frameworks";
				LD_RUNPATH_SEARCH_PATHS = (
					"$(inherited)",
					"@executable_path/Frameworks",
					"@loader_path/Frameworks",
				);
				PRODUCT_BUNDLE_IDENTIFIER = com.healthtap.SwiftNIOMQTT;
				PRODUCT_NAME = "$(TARGET_NAME:c99extidentifier)";
				PROVISIONING_PROFILE_SPECIFIER = "";
				SKIP_INSTALL = YES;
				SWIFT_OPTIMIZATION_LEVEL = "-Onone";
				SWIFT_VERSION = 5.0;
				TARGETED_DEVICE_FAMILY = "1,2";
			};
			name = Debug;
		};
		057539E222B02AB000DE3B9D /* Release */ = {
			isa = XCBuildConfiguration;
			baseConfigurationReference = A8B76751CF124B5E5C69608E /* Pods-NIOMQTT.release.xcconfig */;
			buildSettings = {
				CLANG_ENABLE_MODULES = YES;
				CODE_SIGN_IDENTITY = "";
				CODE_SIGN_STYLE = Manual;
				DEFINES_MODULE = YES;
				DEVELOPMENT_TEAM = "";
				DYLIB_COMPATIBILITY_VERSION = 1;
				DYLIB_CURRENT_VERSION = 1;
				DYLIB_INSTALL_NAME_BASE = "@rpath";
				INFOPLIST_FILE = "$(SRCROOT)/Sources/Info.plist";
				INSTALL_PATH = "$(LOCAL_LIBRARY_DIR)/Frameworks";
				LD_RUNPATH_SEARCH_PATHS = (
					"$(inherited)",
					"@executable_path/Frameworks",
					"@loader_path/Frameworks",
				);
				PRODUCT_BUNDLE_IDENTIFIER = com.healthtap.SwiftNIOMQTT;
				PRODUCT_NAME = "$(TARGET_NAME:c99extidentifier)";
				PROVISIONING_PROFILE_SPECIFIER = "";
				SKIP_INSTALL = YES;
				SWIFT_VERSION = 5.0;
				TARGETED_DEVICE_FAMILY = "1,2";
			};
			name = Release;
		};
		057539E422B02AB000DE3B9D /* Debug */ = {
			isa = XCBuildConfiguration;
			baseConfigurationReference = EB1F0597360D71B7E2533801 /* Pods-NIOMQTTTests.debug.xcconfig */;
			buildSettings = {
				ALWAYS_EMBED_SWIFT_STANDARD_LIBRARIES = "$(inherited)";
				CODE_SIGN_IDENTITY = "iPhone Developer";
				CODE_SIGN_STYLE = Manual;
				DEVELOPMENT_TEAM = "";
				INFOPLIST_FILE = Tests/Info.plist;
				LD_RUNPATH_SEARCH_PATHS = (
					"$(inherited)",
					"@executable_path/Frameworks",
					"@loader_path/Frameworks",
				);
				PRODUCT_BUNDLE_IDENTIFIER = com.healthtap.SwiftNIOMQTTTests;
				PRODUCT_NAME = "$(TARGET_NAME)";
				PROVISIONING_PROFILE_SPECIFIER = "";
				SWIFT_VERSION = 5.0;
				TARGETED_DEVICE_FAMILY = "1,2";
			};
			name = Debug;
		};
		057539E522B02AB000DE3B9D /* Release */ = {
			isa = XCBuildConfiguration;
			baseConfigurationReference = 88219A7FD11656CB7D62006A /* Pods-NIOMQTTTests.release.xcconfig */;
			buildSettings = {
				ALWAYS_EMBED_SWIFT_STANDARD_LIBRARIES = "$(inherited)";
				CODE_SIGN_IDENTITY = "iPhone Developer";
				CODE_SIGN_STYLE = Manual;
				DEVELOPMENT_TEAM = "";
				INFOPLIST_FILE = Tests/Info.plist;
				LD_RUNPATH_SEARCH_PATHS = (
					"$(inherited)",
					"@executable_path/Frameworks",
					"@loader_path/Frameworks",
				);
				PRODUCT_BUNDLE_IDENTIFIER = com.healthtap.SwiftNIOMQTTTests;
				PRODUCT_NAME = "$(TARGET_NAME)";
				PROVISIONING_PROFILE_SPECIFIER = "";
				SWIFT_VERSION = 5.0;
				TARGETED_DEVICE_FAMILY = "1,2";
			};
			name = Release;
		};
/* End XCBuildConfiguration section */

/* Begin XCConfigurationList section */
		057539C622B02AB000DE3B9D /* Build configuration list for PBXProject "SwiftNIOMQTT" */ = {
			isa = XCConfigurationList;
			buildConfigurations = (
				057539DE22B02AB000DE3B9D /* Debug */,
				057539DF22B02AB000DE3B9D /* Release */,
			);
			defaultConfigurationIsVisible = 0;
			defaultConfigurationName = Release;
		};
		057539E022B02AB000DE3B9D /* Build configuration list for PBXNativeTarget "NIOMQTT" */ = {
			isa = XCConfigurationList;
			buildConfigurations = (
				057539E122B02AB000DE3B9D /* Debug */,
				057539E222B02AB000DE3B9D /* Release */,
			);
			defaultConfigurationIsVisible = 0;
			defaultConfigurationName = Release;
		};
		057539E322B02AB000DE3B9D /* Build configuration list for PBXNativeTarget "NIOMQTTTests" */ = {
			isa = XCConfigurationList;
			buildConfigurations = (
				057539E422B02AB000DE3B9D /* Debug */,
				057539E522B02AB000DE3B9D /* Release */,
			);
			defaultConfigurationIsVisible = 0;
			defaultConfigurationName = Release;
		};
/* End XCConfigurationList section */
	};
	rootObject = 057539C322B02AB000DE3B9D /* Project object */;
}
